PODS:
  - GithubSwiftApi (0.1.4)
  - iOSSnapshotTestCase (6.2.0):
    - iOSSnapshotTestCase/SwiftSupport (= 6.2.0)
  - iOSSnapshotTestCase/Core (6.2.0)
  - iOSSnapshotTestCase/SwiftSupport (6.2.0):
    - iOSSnapshotTestCase/Core

DEPENDENCIES:
  - GithubSwiftApi (~> 0.1)
  - iOSSnapshotTestCase

SPEC REPOS:
  trunk:
    - GithubSwiftApi
    - iOSSnapshotTestCase

SPEC CHECKSUMS:
  GithubSwiftApi: 5d524fd09484414e2a48c7ec1e98a2d9aad366e1
  iOSSnapshotTestCase: 9ab44cb5aa62b84d31847f40680112e15ec579a6

PODFILE CHECKSUM: b058b9f4ba0db565ecbc30fa121cee5a7ee08374

COCOAPODS: 1.9.3
