// !$*UTF8*$!
{
	archiveVersion = 1;
	classes = {
	};
	objectVersion = 51;
	objects = {

/* Begin PBXBuildFile section */
		0A6D5208255F36A100F2B430 /* MainViewController.swift in Sources */ = {isa = PBXBuildFile; fileRef = 0A6D5207255F36A100F2B430 /* MainViewController.swift */; };
		0A6D520A255F36EF00F2B430 /* MainViewModel.swift in Sources */ = {isa = PBXBuildFile; fileRef = 0A6D5209255F36EF00F2B430 /* MainViewModel.swift */; };
		0A6D520C255F372B00F2B430 /* MainBusinessModel.swift in Sources */ = {isa = PBXBuildFile; fileRef = 0A6D520B255F372B00F2B430 /* MainBusinessModel.swift */; };
		0A8FFC83255ED91400873F7F /* AppDelegate.swift in Sources */ = {isa = PBXBuildFile; fileRef = 0A8FFC82255ED91400873F7F /* AppDelegate.swift */; };
		0A8FFC8C255ED91800873F7F /* Assets.xcassets in Resources */ = {isa = PBXBuildFile; fileRef = 0A8FFC8B255ED91800873F7F /* Assets.xcassets */; };
		0A8FFC8F255ED91800873F7F /* LaunchScreen.storyboard in Resources */ = {isa = PBXBuildFile; fileRef = 0A8FFC8D255ED91800873F7F /* LaunchScreen.storyboard */; };
		0A8FFC9A255ED91900873F7F /* GithubSwiftTests.swift in Sources */ = {isa = PBXBuildFile; fileRef = 0A8FFC99255ED91900873F7F /* GithubSwiftTests.swift */; };
		0A8FFCA5255ED91900873F7F /* GithubSwiftUITests.swift in Sources */ = {isa = PBXBuildFile; fileRef = 0A8FFCA4255ED91900873F7F /* GithubSwiftUITests.swift */; };
		1BAD394CCB33ED37F6ADEEEA /* Pods_GithubSwiftTests.framework in Frameworks */ = {isa = PBXBuildFile; fileRef = 6BCD13659CAEA6023C8F48CD /* Pods_GithubSwiftTests.framework */; };
		72C0795F31A5A886CAC9C9CE /* Pods_GithubSwift.framework in Frameworks */ = {isa = PBXBuildFile; fileRef = A253E2ACFC9436545FFD83EF /* Pods_GithubSwift.framework */; };
		9A470CD0B974C9C4C3DDD973 /* Pods_GithubSwift_GithubSwiftUITests.framework in Frameworks */ = {isa = PBXBuildFile; fileRef = 6FDE3C09123CAC08B32E003A /* Pods_GithubSwift_GithubSwiftUITests.framework */; };
/* End PBXBuildFile section */

/* Begin PBXContainerItemProxy section */
		0A8FFC96255ED91800873F7F /* PBXContainerItemProxy */ = {
			isa = PBXContainerItemProxy;
			containerPortal = 0A8FFC77255ED91300873F7F /* Project object */;
			proxyType = 1;
			remoteGlobalIDString = 0A8FFC7E255ED91400873F7F;
			remoteInfo = GithubSwift;
		};
		0A8FFCA1255ED91900873F7F /* PBXContainerItemProxy */ = {
			isa = PBXContainerItemProxy;
			containerPortal = 0A8FFC77255ED91300873F7F /* Project object */;
			proxyType = 1;
			remoteGlobalIDString = 0A8FFC7E255ED91400873F7F;
			remoteInfo = GithubSwift;
		};
/* End PBXContainerItemProxy section */

/* Begin PBXFileReference section */
		0A6D5207255F36A100F2B430 /* MainViewController.swift */ = {isa = PBXFileReference; lastKnownFileType = sourcecode.swift; path = MainViewController.swift; sourceTree = "<group>"; };
		0A6D5209255F36EF00F2B430 /* MainViewModel.swift */ = {isa = PBXFileReference; lastKnownFileType = sourcecode.swift; path = MainViewModel.swift; sourceTree = "<group>"; };
		0A6D520B255F372B00F2B430 /* MainBusinessModel.swift */ = {isa = PBXFileReference; lastKnownFileType = sourcecode.swift; path = MainBusinessModel.swift; sourceTree = "<group>"; };
		0A8FFC7F255ED91400873F7F /* GithubSwift.app */ = {isa = PBXFileReference; explicitFileType = wrapper.application; includeInIndex = 0; path = GithubSwift.app; sourceTree = BUILT_PRODUCTS_DIR; };
		0A8FFC82255ED91400873F7F /* AppDelegate.swift */ = {isa = PBXFileReference; lastKnownFileType = sourcecode.swift; path = AppDelegate.swift; sourceTree = "<group>"; };
		0A8FFC8B255ED91800873F7F /* Assets.xcassets */ = {isa = PBXFileReference; lastKnownFileType = folder.assetcatalog; path = Assets.xcassets; sourceTree = "<group>"; };
		0A8FFC8E255ED91800873F7F /* Base */ = {isa = PBXFileReference; lastKnownFileType = file.storyboard; name = Base; path = Base.lproj/LaunchScreen.storyboard; sourceTree = "<group>"; };
		0A8FFC90255ED91800873F7F /* Info.plist */ = {isa = PBXFileReference; lastKnownFileType = text.plist.xml; path = Info.plist; sourceTree = "<group>"; };
		0A8FFC95255ED91800873F7F /* GithubSwiftTests.xctest */ = {isa = PBXFileReference; explicitFileType = wrapper.cfbundle; includeInIndex = 0; path = GithubSwiftTests.xctest; sourceTree = BUILT_PRODUCTS_DIR; };
		0A8FFC99255ED91900873F7F /* GithubSwiftTests.swift */ = {isa = PBXFileReference; lastKnownFileType = sourcecode.swift; path = GithubSwiftTests.swift; sourceTree = "<group>"; };
		0A8FFC9B255ED91900873F7F /* Info.plist */ = {isa = PBXFileReference; lastKnownFileType = text.plist.xml; path = Info.plist; sourceTree = "<group>"; };
		0A8FFCA0255ED91900873F7F /* GithubSwiftUITests.xctest */ = {isa = PBXFileReference; explicitFileType = wrapper.cfbundle; includeInIndex = 0; path = GithubSwiftUITests.xctest; sourceTree = BUILT_PRODUCTS_DIR; };
		0A8FFCA4255ED91900873F7F /* GithubSwiftUITests.swift */ = {isa = PBXFileReference; lastKnownFileType = sourcecode.swift; path = GithubSwiftUITests.swift; sourceTree = "<group>"; };
		0A8FFCA6255ED91900873F7F /* Info.plist */ = {isa = PBXFileReference; lastKnownFileType = text.plist.xml; path = Info.plist; sourceTree = "<group>"; };
		22DC3962AA0214F3636286BB /* Pods-GithubSwiftTests.release.xcconfig */ = {isa = PBXFileReference; includeInIndex = 1; lastKnownFileType = text.xcconfig; name = "Pods-GithubSwiftTests.release.xcconfig"; path = "Target Support Files/Pods-GithubSwiftTests/Pods-GithubSwiftTests.release.xcconfig"; sourceTree = "<group>"; };
		551AC06F8D2FEBA899EF56E7 /* Pods-GithubSwiftTests.debug.xcconfig */ = {isa = PBXFileReference; includeInIndex = 1; lastKnownFileType = text.xcconfig; name = "Pods-GithubSwiftTests.debug.xcconfig"; path = "Target Support Files/Pods-GithubSwiftTests/Pods-GithubSwiftTests.debug.xcconfig"; sourceTree = "<group>"; };
		6BCD13659CAEA6023C8F48CD /* Pods_GithubSwiftTests.framework */ = {isa = PBXFileReference; explicitFileType = wrapper.framework; includeInIndex = 0; path = Pods_GithubSwiftTests.framework; sourceTree = BUILT_PRODUCTS_DIR; };
		6FDE3C09123CAC08B32E003A /* Pods_GithubSwift_GithubSwiftUITests.framework */ = {isa = PBXFileReference; explicitFileType = wrapper.framework; includeInIndex = 0; path = Pods_GithubSwift_GithubSwiftUITests.framework; sourceTree = BUILT_PRODUCTS_DIR; };
		A12D37101FA3D0B1174D87E5 /* Pods-GithubSwift.debug.xcconfig */ = {isa = PBXFileReference; includeInIndex = 1; lastKnownFileType = text.xcconfig; name = "Pods-GithubSwift.debug.xcconfig"; path = "Target Support Files/Pods-GithubSwift/Pods-GithubSwift.debug.xcconfig"; sourceTree = "<group>"; };
		A253E2ACFC9436545FFD83EF /* Pods_GithubSwift.framework */ = {isa = PBXFileReference; explicitFileType = wrapper.framework; includeInIndex = 0; path = Pods_GithubSwift.framework; sourceTree = BUILT_PRODUCTS_DIR; };
		CEDA195F934B6792A428B9C4 /* Pods-GithubSwift.release.xcconfig */ = {isa = PBXFileReference; includeInIndex = 1; lastKnownFileType = text.xcconfig; name = "Pods-GithubSwift.release.xcconfig"; path = "Target Support Files/Pods-GithubSwift/Pods-GithubSwift.release.xcconfig"; sourceTree = "<group>"; };
		F57E2055B2B7577714329513 /* Pods-GithubSwift-GithubSwiftUITests.release.xcconfig */ = {isa = PBXFileReference; includeInIndex = 1; lastKnownFileType = text.xcconfig; name = "Pods-GithubSwift-GithubSwiftUITests.release.xcconfig"; path = "Target Support Files/Pods-GithubSwift-GithubSwiftUITests/Pods-GithubSwift-GithubSwiftUITests.release.xcconfig"; sourceTree = "<group>"; };
		FA6CF2527BDDE9106C8B2747 /* Pods-GithubSwift-GithubSwiftUITests.debug.xcconfig */ = {isa = PBXFileReference; includeInIndex = 1; lastKnownFileType = text.xcconfig; name = "Pods-GithubSwift-GithubSwiftUITests.debug.xcconfig"; path = "Target Support Files/Pods-GithubSwift-GithubSwiftUITests/Pods-GithubSwift-GithubSwiftUITests.debug.xcconfig"; sourceTree = "<group>"; };
/* End PBXFileReference section */

/* Begin PBXFrameworksBuildPhase section */
		0A8FFC7C255ED91400873F7F /* Frameworks */ = {
			isa = PBXFrameworksBuildPhase;
			buildActionMask = 2147483647;
			files = (
				72C0795F31A5A886CAC9C9CE /* Pods_GithubSwift.framework in Frameworks */,
			);
			runOnlyForDeploymentPostprocessing = 0;
		};
		0A8FFC92255ED91800873F7F /* Frameworks */ = {
			isa = PBXFrameworksBuildPhase;
			buildActionMask = 2147483647;
			files = (
				1BAD394CCB33ED37F6ADEEEA /* Pods_GithubSwiftTests.framework in Frameworks */,
			);
			runOnlyForDeploymentPostprocessing = 0;
		};
		0A8FFC9D255ED91900873F7F /* Frameworks */ = {
			isa = PBXFrameworksBuildPhase;
			buildActionMask = 2147483647;
			files = (
				9A470CD0B974C9C4C3DDD973 /* Pods_GithubSwift_GithubSwiftUITests.framework in Frameworks */,
			);
			runOnlyForDeploymentPostprocessing = 0;
		};
/* End PBXFrameworksBuildPhase section */

/* Begin PBXGroup section */
		0A6D5201255F35D100F2B430 /* Model */ = {
			isa = PBXGroup;
			children = (
			);
			path = Model;
			sourceTree = "<group>";
		};
		0A6D5202255F35E000F2B430 /* View */ = {
			isa = PBXGroup;
			children = (
				0A6D5207255F36A100F2B430 /* MainViewController.swift */,
			);
			path = View;
			sourceTree = "<group>";
		};
		0A6D5203255F35E900F2B430 /* ViewModel */ = {
			isa = PBXGroup;
			children = (
				0A6D5209255F36EF00F2B430 /* MainViewModel.swift */,
			);
			path = ViewModel;
			sourceTree = "<group>";
		};
		0A6D5204255F362700F2B430 /* Business */ = {
			isa = PBXGroup;
			children = (
				0A6D520B255F372B00F2B430 /* MainBusinessModel.swift */,
			);
			path = Business;
			sourceTree = "<group>";
		};
		0A6D5205255F366700F2B430 /* Main */ = {
			isa = PBXGroup;
			children = (
				0A6D5201255F35D100F2B430 /* Model */,
				0A6D5202255F35E000F2B430 /* View */,
				0A6D5203255F35E900F2B430 /* ViewModel */,
				0A6D5204255F362700F2B430 /* Business */,
			);
			path = Main;
			sourceTree = "<group>";
		};
		0A6D5206255F367600F2B430 /* Features */ = {
			isa = PBXGroup;
			children = (
				0A6D5205255F366700F2B430 /* Main */,
			);
			path = Features;
			sourceTree = "<group>";
		};
		0A8FFC76255ED91300873F7F = {
			isa = PBXGroup;
			children = (
				0A8FFC81255ED91400873F7F /* GithubSwift */,
				0A8FFC98255ED91900873F7F /* GithubSwiftTests */,
				0A8FFCA3255ED91900873F7F /* GithubSwiftUITests */,
				0A8FFC80255ED91400873F7F /* Products */,
				53B2142DFA64035E760E33BF /* Pods */,
				CF8E8E21D4A76130719287BA /* Frameworks */,
			);
			sourceTree = "<group>";
		};
		0A8FFC80255ED91400873F7F /* Products */ = {
			isa = PBXGroup;
			children = (
				0A8FFC7F255ED91400873F7F /* GithubSwift.app */,
				0A8FFC95255ED91800873F7F /* GithubSwiftTests.xctest */,
				0A8FFCA0255ED91900873F7F /* GithubSwiftUITests.xctest */,
			);
			name = Products;
			sourceTree = "<group>";
		};
		0A8FFC81255ED91400873F7F /* GithubSwift */ = {
			isa = PBXGroup;
			children = (
				0A6D5206255F367600F2B430 /* Features */,
				0A8FFC82255ED91400873F7F /* AppDelegate.swift */,
				0A8FFC8B255ED91800873F7F /* Assets.xcassets */,
				0A8FFC8D255ED91800873F7F /* LaunchScreen.storyboard */,
				0A8FFC90255ED91800873F7F /* Info.plist */,
			);
			path = GithubSwift;
			sourceTree = "<group>";
		};
		0A8FFC98255ED91900873F7F /* GithubSwiftTests */ = {
			isa = PBXGroup;
			children = (
				0A8FFC99255ED91900873F7F /* GithubSwiftTests.swift */,
				0A8FFC9B255ED91900873F7F /* Info.plist */,
			);
			path = GithubSwiftTests;
			sourceTree = "<group>";
		};
		0A8FFCA3255ED91900873F7F /* GithubSwiftUITests */ = {
			isa = PBXGroup;
			children = (
				0A8FFCA4255ED91900873F7F /* GithubSwiftUITests.swift */,
				0A8FFCA6255ED91900873F7F /* Info.plist */,
			);
			path = GithubSwiftUITests;
			sourceTree = "<group>";
		};
		53B2142DFA64035E760E33BF /* Pods */ = {
			isa = PBXGroup;
			children = (
				A12D37101FA3D0B1174D87E5 /* Pods-GithubSwift.debug.xcconfig */,
				CEDA195F934B6792A428B9C4 /* Pods-GithubSwift.release.xcconfig */,
				FA6CF2527BDDE9106C8B2747 /* Pods-GithubSwift-GithubSwiftUITests.debug.xcconfig */,
				F57E2055B2B7577714329513 /* Pods-GithubSwift-GithubSwiftUITests.release.xcconfig */,
				551AC06F8D2FEBA899EF56E7 /* Pods-GithubSwiftTests.debug.xcconfig */,
				22DC3962AA0214F3636286BB /* Pods-GithubSwiftTests.release.xcconfig */,
			);
			path = Pods;
			sourceTree = "<group>";
		};
		CF8E8E21D4A76130719287BA /* Frameworks */ = {
			isa = PBXGroup;
			children = (
				A253E2ACFC9436545FFD83EF /* Pods_GithubSwift.framework */,
				6FDE3C09123CAC08B32E003A /* Pods_GithubSwift_GithubSwiftUITests.framework */,
				6BCD13659CAEA6023C8F48CD /* Pods_GithubSwiftTests.framework */,
			);
			name = Frameworks;
			sourceTree = "<group>";
		};
/* End PBXGroup section */

/* Begin PBXNativeTarget section */
		0A8FFC7E255ED91400873F7F /* GithubSwift */ = {
			isa = PBXNativeTarget;
			buildConfigurationList = 0A8FFCA9255ED91900873F7F /* Build configuration list for PBXNativeTarget "GithubSwift" */;
			buildPhases = (
				FEDA1E9BA4C22771AD5C8BC4 /* [CP] Check Pods Manifest.lock */,
				0A8FFC7B255ED91400873F7F /* Sources */,
				0A8FFC7C255ED91400873F7F /* Frameworks */,
				0A8FFC7D255ED91400873F7F /* Resources */,
				E07C5F9AC3C4BF120CF586B4 /* [CP] Embed Pods Frameworks */,
			);
			buildRules = (
			);
			dependencies = (
			);
			name = GithubSwift;
			productName = GithubSwift;
			productReference = 0A8FFC7F255ED91400873F7F /* GithubSwift.app */;
			productType = "com.apple.product-type.application";
		};
		0A8FFC94255ED91800873F7F /* GithubSwiftTests */ = {
			isa = PBXNativeTarget;
			buildConfigurationList = 0A8FFCAC255ED91900873F7F /* Build configuration list for PBXNativeTarget "GithubSwiftTests" */;
			buildPhases = (
				9080DDF2CEDE2C934E8F7B15 /* [CP] Check Pods Manifest.lock */,
				0A8FFC91255ED91800873F7F /* Sources */,
				0A8FFC92255ED91800873F7F /* Frameworks */,
				0A8FFC93255ED91800873F7F /* Resources */,
			);
			buildRules = (
			);
			dependencies = (
				0A8FFC97255ED91800873F7F /* PBXTargetDependency */,
			);
			name = GithubSwiftTests;
			productName = GithubSwiftTests;
			productReference = 0A8FFC95255ED91800873F7F /* GithubSwiftTests.xctest */;
			productType = "com.apple.product-type.bundle.unit-test";
		};
		0A8FFC9F255ED91900873F7F /* GithubSwiftUITests */ = {
			isa = PBXNativeTarget;
			buildConfigurationList = 0A8FFCAF255ED91900873F7F /* Build configuration list for PBXNativeTarget "GithubSwiftUITests" */;
			buildPhases = (
				6B2336B8F3217075892A5F0A /* [CP] Check Pods Manifest.lock */,
				0A8FFC9C255ED91900873F7F /* Sources */,
				0A8FFC9D255ED91900873F7F /* Frameworks */,
				0A8FFC9E255ED91900873F7F /* Resources */,
				F3AF59C397BA7C9FBD8BF45C /* [CP] Embed Pods Frameworks */,
			);
			buildRules = (
			);
			dependencies = (
				0A8FFCA2255ED91900873F7F /* PBXTargetDependency */,
			);
			name = GithubSwiftUITests;
			productName = GithubSwiftUITests;
			productReference = 0A8FFCA0255ED91900873F7F /* GithubSwiftUITests.xctest */;
			productType = "com.apple.product-type.bundle.ui-testing";
		};
/* End PBXNativeTarget section */

/* Begin PBXProject section */
		0A8FFC77255ED91300873F7F /* Project object */ = {
			isa = PBXProject;
			attributes = {
				LastSwiftUpdateCheck = 1110;
				LastUpgradeCheck = 1110;
				ORGANIZATIONNAME = "Cleilton Feitosa";
				TargetAttributes = {
					0A8FFC7E255ED91400873F7F = {
						CreatedOnToolsVersion = 11.1;
					};
					0A8FFC94255ED91800873F7F = {
						CreatedOnToolsVersion = 11.1;
						TestTargetID = 0A8FFC7E255ED91400873F7F;
					};
					0A8FFC9F255ED91900873F7F = {
						CreatedOnToolsVersion = 11.1;
						TestTargetID = 0A8FFC7E255ED91400873F7F;
					};
				};
			};
			buildConfigurationList = 0A8FFC7A255ED91300873F7F /* Build configuration list for PBXProject "GithubSwift" */;
			compatibilityVersion = "Xcode 9.3";
			developmentRegion = en;
			hasScannedForEncodings = 0;
			knownRegions = (
				en,
				Base,
			);
			mainGroup = 0A8FFC76255ED91300873F7F;
			productRefGroup = 0A8FFC80255ED91400873F7F /* Products */;
			projectDirPath = "";
			projectRoot = "";
			targets = (
				0A8FFC7E255ED91400873F7F /* GithubSwift */,
				0A8FFC94255ED91800873F7F /* GithubSwiftTests */,
				0A8FFC9F255ED91900873F7F /* GithubSwiftUITests */,
			);
		};
/* End PBXProject section */

/* Begin PBXResourcesBuildPhase section */
		0A8FFC7D255ED91400873F7F /* Resources */ = {
			isa = PBXResourcesBuildPhase;
			buildActionMask = 2147483647;
			files = (
				0A8FFC8F255ED91800873F7F /* LaunchScreen.storyboard in Resources */,
				0A8FFC8C255ED91800873F7F /* Assets.xcassets in Resources */,
			);
			runOnlyForDeploymentPostprocessing = 0;
		};
		0A8FFC93255ED91800873F7F /* Resources */ = {
			isa = PBXResourcesBuildPhase;
			buildActionMask = 2147483647;
			files = (
			);
			runOnlyForDeploymentPostprocessing = 0;
		};
		0A8FFC9E255ED91900873F7F /* Resources */ = {
			isa = PBXResourcesBuildPhase;
			buildActionMask = 2147483647;
			files = (
			);
			runOnlyForDeploymentPostprocessing = 0;
		};
/* End PBXResourcesBuildPhase section */

/* Begin PBXShellScriptBuildPhase section */
		6B2336B8F3217075892A5F0A /* [CP] Check Pods Manifest.lock */ = {
			isa = PBXShellScriptBuildPhase;
			buildActionMask = 2147483647;
			files = (
			);
			inputFileListPaths = (
			);
			inputPaths = (
				"${PODS_PODFILE_DIR_PATH}/Podfile.lock",
				"${PODS_ROOT}/Manifest.lock",
			);
			name = "[CP] Check Pods Manifest.lock";
			outputFileListPaths = (
			);
			outputPaths = (
				"$(DERIVED_FILE_DIR)/Pods-GithubSwift-GithubSwiftUITests-checkManifestLockResult.txt",
			);
			runOnlyForDeploymentPostprocessing = 0;
			shellPath = /bin/sh;
			shellScript = "diff \"${PODS_PODFILE_DIR_PATH}/Podfile.lock\" \"${PODS_ROOT}/Manifest.lock\" > /dev/null\nif [ $? != 0 ] ; then\n    # print error to STDERR\n    echo \"error: The sandbox is not in sync with the Podfile.lock. Run 'pod install' or update your CocoaPods installation.\" >&2\n    exit 1\nfi\n# This output is used by Xcode 'outputs' to avoid re-running this script phase.\necho \"SUCCESS\" > \"${SCRIPT_OUTPUT_FILE_0}\"\n";
			showEnvVarsInLog = 0;
		};
		9080DDF2CEDE2C934E8F7B15 /* [CP] Check Pods Manifest.lock */ = {
			isa = PBXShellScriptBuildPhase;
			buildActionMask = 2147483647;
			files = (
			);
			inputFileListPaths = (
			);
			inputPaths = (
				"${PODS_PODFILE_DIR_PATH}/Podfile.lock",
				"${PODS_ROOT}/Manifest.lock",
			);
			name = "[CP] Check Pods Manifest.lock";
			outputFileListPaths = (
			);
			outputPaths = (
				"$(DERIVED_FILE_DIR)/Pods-GithubSwiftTests-checkManifestLockResult.txt",
			);
			runOnlyForDeploymentPostprocessing = 0;
			shellPath = /bin/sh;
			shellScript = "diff \"${PODS_PODFILE_DIR_PATH}/Podfile.lock\" \"${PODS_ROOT}/Manifest.lock\" > /dev/null\nif [ $? != 0 ] ; then\n    # print error to STDERR\n    echo \"error: The sandbox is not in sync with the Podfile.lock. Run 'pod install' or update your CocoaPods installation.\" >&2\n    exit 1\nfi\n# This output is used by Xcode 'outputs' to avoid re-running this script phase.\necho \"SUCCESS\" > \"${SCRIPT_OUTPUT_FILE_0}\"\n";
			showEnvVarsInLog = 0;
		};
		E07C5F9AC3C4BF120CF586B4 /* [CP] Embed Pods Frameworks */ = {
			isa = PBXShellScriptBuildPhase;
			buildActionMask = 2147483647;
			files = (
			);
			inputFileListPaths = (
				"${PODS_ROOT}/Target Support Files/Pods-GithubSwift/Pods-GithubSwift-frameworks-${CONFIGURATION}-input-files.xcfilelist",
			);
			name = "[CP] Embed Pods Frameworks";
			outputFileListPaths = (
				"${PODS_ROOT}/Target Support Files/Pods-GithubSwift/Pods-GithubSwift-frameworks-${CONFIGURATION}-output-files.xcfilelist",
			);
			runOnlyForDeploymentPostprocessing = 0;
			shellPath = /bin/sh;
			shellScript = "\"${PODS_ROOT}/Target Support Files/Pods-GithubSwift/Pods-GithubSwift-frameworks.sh\"\n";
			showEnvVarsInLog = 0;
		};
		F3AF59C397BA7C9FBD8BF45C /* [CP] Embed Pods Frameworks */ = {
			isa = PBXShellScriptBuildPhase;
			buildActionMask = 2147483647;
			files = (
			);
			inputFileListPaths = (
				"${PODS_ROOT}/Target Support Files/Pods-GithubSwift-GithubSwiftUITests/Pods-GithubSwift-GithubSwiftUITests-frameworks-${CONFIGURATION}-input-files.xcfilelist",
			);
			name = "[CP] Embed Pods Frameworks";
			outputFileListPaths = (
				"${PODS_ROOT}/Target Support Files/Pods-GithubSwift-GithubSwiftUITests/Pods-GithubSwift-GithubSwiftUITests-frameworks-${CONFIGURATION}-output-files.xcfilelist",
			);
			runOnlyForDeploymentPostprocessing = 0;
			shellPath = /bin/sh;
			shellScript = "\"${PODS_ROOT}/Target Support Files/Pods-GithubSwift-GithubSwiftUITests/Pods-GithubSwift-GithubSwiftUITests-frameworks.sh\"\n";
			showEnvVarsInLog = 0;
		};
		FEDA1E9BA4C22771AD5C8BC4 /* [CP] Check Pods Manifest.lock */ = {
			isa = PBXShellScriptBuildPhase;
			buildActionMask = 2147483647;
			files = (
			);
			inputFileListPaths = (
			);
			inputPaths = (
				"${PODS_PODFILE_DIR_PATH}/Podfile.lock",
				"${PODS_ROOT}/Manifest.lock",
			);
			name = "[CP] Check Pods Manifest.lock";
			outputFileListPaths = (
			);
			outputPaths = (
				"$(DERIVED_FILE_DIR)/Pods-GithubSwift-checkManifestLockResult.txt",
			);
			runOnlyForDeploymentPostprocessing = 0;
			shellPath = /bin/sh;
			shellScript = "diff \"${PODS_PODFILE_DIR_PATH}/Podfile.lock\" \"${PODS_ROOT}/Manifest.lock\" > /dev/null\nif [ $? != 0 ] ; then\n    # print error to STDERR\n    echo \"error: The sandbox is not in sync with the Podfile.lock. Run 'pod install' or update your CocoaPods installation.\" >&2\n    exit 1\nfi\n# This output is used by Xcode 'outputs' to avoid re-running this script phase.\necho \"SUCCESS\" > \"${SCRIPT_OUTPUT_FILE_0}\"\n";
			showEnvVarsInLog = 0;
		};
/* End PBXShellScriptBuildPhase section */

/* Begin PBXSourcesBuildPhase section */
		0A8FFC7B255ED91400873F7F /* Sources */ = {
			isa = PBXSourcesBuildPhase;
			buildActionMask = 2147483647;
			files = (
				0A6D520C255F372B00F2B430 /* MainBusinessModel.swift in Sources */,
				0A6D5208255F36A100F2B430 /* MainViewController.swift in Sources */,
				0A8FFC83255ED91400873F7F /* AppDelegate.swift in Sources */,
				0A6D520A255F36EF00F2B430 /* MainViewModel.swift in Sources */,
			);
			runOnlyForDeploymentPostprocessing = 0;
		};
		0A8FFC91255ED91800873F7F /* Sources */ = {
			isa = PBXSourcesBuildPhase;
			buildActionMask = 2147483647;
			files = (
				0A8FFC9A255ED91900873F7F /* GithubSwiftTests.swift in Sources */,
			);
			runOnlyForDeploymentPostprocessing = 0;
		};
		0A8FFC9C255ED91900873F7F /* Sources */ = {
			isa = PBXSourcesBuildPhase;
			buildActionMask = 2147483647;
			files = (
				0A8FFCA5255ED91900873F7F /* GithubSwiftUITests.swift in Sources */,
			);
			runOnlyForDeploymentPostprocessing = 0;
		};
/* End PBXSourcesBuildPhase section */

/* Begin PBXTargetDependency section */
		0A8FFC97255ED91800873F7F /* PBXTargetDependency */ = {
			isa = PBXTargetDependency;
			target = 0A8FFC7E255ED91400873F7F /* GithubSwift */;
			targetProxy = 0A8FFC96255ED91800873F7F /* PBXContainerItemProxy */;
		};
		0A8FFCA2255ED91900873F7F /* PBXTargetDependency */ = {
			isa = PBXTargetDependency;
			target = 0A8FFC7E255ED91400873F7F /* GithubSwift */;
			targetProxy = 0A8FFCA1255ED91900873F7F /* PBXContainerItemProxy */;
		};
/* End PBXTargetDependency section */

/* Begin PBXVariantGroup section */
		0A8FFC8D255ED91800873F7F /* LaunchScreen.storyboard */ = {
			isa = PBXVariantGroup;
			children = (
				0A8FFC8E255ED91800873F7F /* Base */,
			);
			name = LaunchScreen.storyboard;
			sourceTree = "<group>";
		};
/* End PBXVariantGroup section */

/* Begin XCBuildConfiguration section */
		0A8FFCA7255ED91900873F7F /* Debug */ = {
			isa = XCBuildConfiguration;
			buildSettings = {
				ALWAYS_SEARCH_USER_PATHS = NO;
				CLANG_ANALYZER_NONNULL = YES;
				CLANG_ANALYZER_NUMBER_OBJECT_CONVERSION = YES_AGGRESSIVE;
				CLANG_CXX_LANGUAGE_STANDARD = "gnu++14";
				CLANG_CXX_LIBRARY = "libc++";
				CLANG_ENABLE_MODULES = YES;
				CLANG_ENABLE_OBJC_ARC = YES;
				CLANG_ENABLE_OBJC_WEAK = YES;
				CLANG_WARN_BLOCK_CAPTURE_AUTORELEASING = YES;
				CLANG_WARN_BOOL_CONVERSION = YES;
				CLANG_WARN_COMMA = YES;
				CLANG_WARN_CONSTANT_CONVERSION = YES;
				CLANG_WARN_DEPRECATED_OBJC_IMPLEMENTATIONS = YES;
				CLANG_WARN_DIRECT_OBJC_ISA_USAGE = YES_ERROR;
				CLANG_WARN_DOCUMENTATION_COMMENTS = YES;
				CLANG_WARN_EMPTY_BODY = YES;
				CLANG_WARN_ENUM_CONVERSION = YES;
				CLANG_WARN_INFINITE_RECURSION = YES;
				CLANG_WARN_INT_CONVERSION = YES;
				CLANG_WARN_NON_LITERAL_NULL_CONVERSION = YES;
				CLANG_WARN_OBJC_IMPLICIT_RETAIN_SELF = YES;
				CLANG_WARN_OBJC_LITERAL_CONVERSION = YES;
				CLANG_WARN_OBJC_ROOT_CLASS = YES_ERROR;
				CLANG_WARN_RANGE_LOOP_ANALYSIS = YES;
				CLANG_WARN_STRICT_PROTOTYPES = YES;
				CLANG_WARN_SUSPICIOUS_MOVE = YES;
				CLANG_WARN_UNGUARDED_AVAILABILITY = YES_AGGRESSIVE;
				CLANG_WARN_UNREACHABLE_CODE = YES;
				CLANG_WARN__DUPLICATE_METHOD_MATCH = YES;
				COPY_PHASE_STRIP = NO;
				DEBUG_INFORMATION_FORMAT = dwarf;
				ENABLE_STRICT_OBJC_MSGSEND = YES;
				ENABLE_TESTABILITY = YES;
				GCC_C_LANGUAGE_STANDARD = gnu11;
				GCC_DYNAMIC_NO_PIC = NO;
				GCC_NO_COMMON_BLOCKS = YES;
				GCC_OPTIMIZATION_LEVEL = 0;
				GCC_PREPROCESSOR_DEFINITIONS = (
					"DEBUG=1",
					"$(inherited)",
				);
				GCC_WARN_64_TO_32_BIT_CONVERSION = YES;
				GCC_WARN_ABOUT_RETURN_TYPE = YES_ERROR;
				GCC_WARN_UNDECLARED_SELECTOR = YES;
				GCC_WARN_UNINITIALIZED_AUTOS = YES_AGGRESSIVE;
				GCC_WARN_UNUSED_FUNCTION = YES;
				GCC_WARN_UNUSED_VARIABLE = YES;
				IPHONEOS_DEPLOYMENT_TARGET = 13.1;
				MTL_ENABLE_DEBUG_INFO = INCLUDE_SOURCE;
				MTL_FAST_MATH = YES;
				ONLY_ACTIVE_ARCH = YES;
				SDKROOT = iphoneos;
				SWIFT_ACTIVE_COMPILATION_CONDITIONS = DEBUG;
				SWIFT_OPTIMIZATION_LEVEL = "-Onone";
			};
			name = Debug;
		};
		0A8FFCA8255ED91900873F7F /* Release */ = {
			isa = XCBuildConfiguration;
			buildSettings = {
				ALWAYS_SEARCH_USER_PATHS = NO;
				CLANG_ANALYZER_NONNULL = YES;
				CLANG_ANALYZER_NUMBER_OBJECT_CONVERSION = YES_AGGRESSIVE;
				CLANG_CXX_LANGUAGE_STANDARD = "gnu++14";
				CLANG_CXX_LIBRARY = "libc++";
				CLANG_ENABLE_MODULES = YES;
				CLANG_ENABLE_OBJC_ARC = YES;
				CLANG_ENABLE_OBJC_WEAK = YES;
				CLANG_WARN_BLOCK_CAPTURE_AUTORELEASING = YES;
				CLANG_WARN_BOOL_CONVERSION = YES;
				CLANG_WARN_COMMA = YES;
				CLANG_WARN_CONSTANT_CONVERSION = YES;
				CLANG_WARN_DEPRECATED_OBJC_IMPLEMENTATIONS = YES;
				CLANG_WARN_DIRECT_OBJC_ISA_USAGE = YES_ERROR;
				CLANG_WARN_DOCUMENTATION_COMMENTS = YES;
				CLANG_WARN_EMPTY_BODY = YES;
				CLANG_WARN_ENUM_CONVERSION = YES;
				CLANG_WARN_INFINITE_RECURSION = YES;
				CLANG_WARN_INT_CONVERSION = YES;
				CLANG_WARN_NON_LITERAL_NULL_CONVERSION = YES;
				CLANG_WARN_OBJC_IMPLICIT_RETAIN_SELF = YES;
				CLANG_WARN_OBJC_LITERAL_CONVERSION = YES;
				CLANG_WARN_OBJC_ROOT_CLASS = YES_ERROR;
				CLANG_WARN_RANGE_LOOP_ANALYSIS = YES;
				CLANG_WARN_STRICT_PROTOTYPES = YES;
				CLANG_WARN_SUSPICIOUS_MOVE = YES;
				CLANG_WARN_UNGUARDED_AVAILABILITY = YES_AGGRESSIVE;
				CLANG_WARN_UNREACHABLE_CODE = YES;
				CLANG_WARN__DUPLICATE_METHOD_MATCH = YES;
				COPY_PHASE_STRIP = NO;
				DEBUG_INFORMATION_FORMAT = "dwarf-with-dsym";
				ENABLE_NS_ASSERTIONS = NO;
				ENABLE_STRICT_OBJC_MSGSEND = YES;
				GCC_C_LANGUAGE_STANDARD = gnu11;
				GCC_NO_COMMON_BLOCKS = YES;
				GCC_WARN_64_TO_32_BIT_CONVERSION = YES;
				GCC_WARN_ABOUT_RETURN_TYPE = YES_ERROR;
				GCC_WARN_UNDECLARED_SELECTOR = YES;
				GCC_WARN_UNINITIALIZED_AUTOS = YES_AGGRESSIVE;
				GCC_WARN_UNUSED_FUNCTION = YES;
				GCC_WARN_UNUSED_VARIABLE = YES;
				IPHONEOS_DEPLOYMENT_TARGET = 13.1;
				MTL_ENABLE_DEBUG_INFO = NO;
				MTL_FAST_MATH = YES;
				SDKROOT = iphoneos;
				SWIFT_COMPILATION_MODE = wholemodule;
				SWIFT_OPTIMIZATION_LEVEL = "-O";
				VALIDATE_PRODUCT = YES;
			};
			name = Release;
		};
		0A8FFCAA255ED91900873F7F /* Debug */ = {
			isa = XCBuildConfiguration;
			baseConfigurationReference = A12D37101FA3D0B1174D87E5 /* Pods-GithubSwift.debug.xcconfig */;
			buildSettings = {
				ASSETCATALOG_COMPILER_APPICON_NAME = AppIcon;
				CODE_SIGN_STYLE = Automatic;
				DEVELOPMENT_TEAM = 64P7QK2DWH;
				INFOPLIST_FILE = GithubSwift/Info.plist;
				LD_RUNPATH_SEARCH_PATHS = (
					"$(inherited)",
					"@executable_path/Frameworks",
				);
				PRODUCT_BUNDLE_IDENTIFIER = com.jcleilton.GithubSwift;
				PRODUCT_NAME = "$(TARGET_NAME)";
				SWIFT_VERSION = 5.0;
				TARGETED_DEVICE_FAMILY = "1,2";
				VERSIONING_SYSTEM = "apple-generic";
			};
			name = Debug;
		};
		0A8FFCAB255ED91900873F7F /* Release */ = {
			isa = XCBuildConfiguration;
			baseConfigurationReference = CEDA195F934B6792A428B9C4 /* Pods-GithubSwift.release.xcconfig */;
			buildSettings = {
				ASSETCATALOG_COMPILER_APPICON_NAME = AppIcon;
				CODE_SIGN_STYLE = Automatic;
				DEVELOPMENT_TEAM = 64P7QK2DWH;
				INFOPLIST_FILE = GithubSwift/Info.plist;
				LD_RUNPATH_SEARCH_PATHS = (
					"$(inherited)",
					"@executable_path/Frameworks",
				);
				PRODUCT_BUNDLE_IDENTIFIER = com.jcleilton.GithubSwift;
				PRODUCT_NAME = "$(TARGET_NAME)";
				SWIFT_VERSION = 5.0;
				TARGETED_DEVICE_FAMILY = "1,2";
				VERSIONING_SYSTEM = "apple-generic";
			};
			name = Release;
		};
		0A8FFCAD255ED91900873F7F /* Debug */ = {
			isa = XCBuildConfiguration;
			baseConfigurationReference = 551AC06F8D2FEBA899EF56E7 /* Pods-GithubSwiftTests.debug.xcconfig */;
			buildSettings = {
				ALWAYS_EMBED_SWIFT_STANDARD_LIBRARIES = YES;
				BUNDLE_LOADER = "$(TEST_HOST)";
				CODE_SIGN_STYLE = Automatic;
				DEVELOPMENT_TEAM = 64P7QK2DWH;
				INFOPLIST_FILE = GithubSwiftTests/Info.plist;
				IPHONEOS_DEPLOYMENT_TARGET = 13.1;
				LD_RUNPATH_SEARCH_PATHS = (
					"$(inherited)",
					"@executable_path/Frameworks",
					"@loader_path/Frameworks",
				);
				PRODUCT_BUNDLE_IDENTIFIER = com.jcleilton.GithubSwiftTests;
				PRODUCT_NAME = "$(TARGET_NAME)";
				SWIFT_VERSION = 5.0;
				TARGETED_DEVICE_FAMILY = "1,2";
				TEST_HOST = "$(BUILT_PRODUCTS_DIR)/GithubSwift.app/GithubSwift";
			};
			name = Debug;
		};
		0A8FFCAE255ED91900873F7F /* Release */ = {
			isa = XCBuildConfiguration;
			baseConfigurationReference = 22DC3962AA0214F3636286BB /* Pods-GithubSwiftTests.release.xcconfig */;
			buildSettings = {
				ALWAYS_EMBED_SWIFT_STANDARD_LIBRARIES = YES;
				BUNDLE_LOADER = "$(TEST_HOST)";
				CODE_SIGN_STYLE = Automatic;
				DEVELOPMENT_TEAM = 64P7QK2DWH;
				INFOPLIST_FILE = GithubSwiftTests/Info.plist;
				IPHONEOS_DEPLOYMENT_TARGET = 13.1;
				LD_RUNPATH_SEARCH_PATHS = (
					"$(inherited)",
					"@executable_path/Frameworks",
					"@loader_path/Frameworks",
				);
				PRODUCT_BUNDLE_IDENTIFIER = com.jcleilton.GithubSwiftTests;
				PRODUCT_NAME = "$(TARGET_NAME)";
				SWIFT_VERSION = 5.0;
				TARGETED_DEVICE_FAMILY = "1,2";
				TEST_HOST = "$(BUILT_PRODUCTS_DIR)/GithubSwift.app/GithubSwift";
			};
			name = Release;
		};
		0A8FFCB0255ED91900873F7F /* Debug */ = {
			isa = XCBuildConfiguration;
			baseConfigurationReference = FA6CF2527BDDE9106C8B2747 /* Pods-GithubSwift-GithubSwiftUITests.debug.xcconfig */;
			buildSettings = {
				ALWAYS_EMBED_SWIFT_STANDARD_LIBRARIES = YES;
				CODE_SIGN_STYLE = Automatic;
				DEVELOPMENT_TEAM = 64P7QK2DWH;
				INFOPLIST_FILE = GithubSwiftUITests/Info.plist;
				LD_RUNPATH_SEARCH_PATHS = (
					"$(inherited)",
					"@executable_path/Frameworks",
					"@loader_path/Frameworks",
				);
				PRODUCT_BUNDLE_IDENTIFIER = com.jcleilton.GithubSwiftUITests;
				PRODUCT_NAME = "$(TARGET_NAME)";
				SWIFT_VERSION = 5.0;
				TARGETED_DEVICE_FAMILY = "1,2";
				TEST_TARGET_NAME = GithubSwift;
			};
			name = Debug;
		};
		0A8FFCB1255ED91900873F7F /* Release */ = {
			isa = XCBuildConfiguration;
			baseConfigurationReference = F57E2055B2B7577714329513 /* Pods-GithubSwift-GithubSwiftUITests.release.xcconfig */;
			buildSettings = {
				ALWAYS_EMBED_SWIFT_STANDARD_LIBRARIES = YES;
				CODE_SIGN_STYLE = Automatic;
				DEVELOPMENT_TEAM = 64P7QK2DWH;
				INFOPLIST_FILE = GithubSwiftUITests/Info.plist;
				LD_RUNPATH_SEARCH_PATHS = (
					"$(inherited)",
					"@executable_path/Frameworks",
					"@loader_path/Frameworks",
				);
				PRODUCT_BUNDLE_IDENTIFIER = com.jcleilton.GithubSwiftUITests;
				PRODUCT_NAME = "$(TARGET_NAME)";
				SWIFT_VERSION = 5.0;
				TARGETED_DEVICE_FAMILY = "1,2";
				TEST_TARGET_NAME = GithubSwift;
			};
			name = Release;
		};
/* End XCBuildConfiguration section */

/* Begin XCConfigurationList section */
		0A8FFC7A255ED91300873F7F /* Build configuration list for PBXProject "GithubSwift" */ = {
			isa = XCConfigurationList;
			buildConfigurations = (
				0A8FFCA7255ED91900873F7F /* Debug */,
				0A8FFCA8255ED91900873F7F /* Release */,
			);
			defaultConfigurationIsVisible = 0;
			defaultConfigurationName = Release;
		};
		0A8FFCA9255ED91900873F7F /* Build configuration list for PBXNativeTarget "GithubSwift" */ = {
			isa = XCConfigurationList;
			buildConfigurations = (
				0A8FFCAA255ED91900873F7F /* Debug */,
				0A8FFCAB255ED91900873F7F /* Release */,
			);
			defaultConfigurationIsVisible = 0;
			defaultConfigurationName = Release;
		};
		0A8FFCAC255ED91900873F7F /* Build configuration list for PBXNativeTarget "GithubSwiftTests" */ = {
			isa = XCConfigurationList;
			buildConfigurations = (
				0A8FFCAD255ED91900873F7F /* Debug */,
				0A8FFCAE255ED91900873F7F /* Release */,
			);
			defaultConfigurationIsVisible = 0;
			defaultConfigurationName = Release;
		};
		0A8FFCAF255ED91900873F7F /* Build configuration list for PBXNativeTarget "GithubSwiftUITests" */ = {
			isa = XCConfigurationList;
			buildConfigurations = (
				0A8FFCB0255ED91900873F7F /* Debug */,
				0A8FFCB1255ED91900873F7F /* Release */,
			);
			defaultConfigurationIsVisible = 0;
			defaultConfigurationName = Release;
		};
/* End XCConfigurationList section */
	};
	rootObject = 0A8FFC77255ED91300873F7F /* Project object */;
}
