// !$*UTF8*$!
{
	archiveVersion = 1;
	classes = {
	};
	objectVersion = 51;
	objects = {

/* Begin PBXBuildFile section */
		0A6D5208255F36A100F2B430 /* MainViewController.swift in Sources */ = {isa = PBXBuildFile; fileRef = 0A6D5207255F36A100F2B430 /* MainViewController.swift */; };
		0A6D520A255F36EF00F2B430 /* MainViewModel.swift in Sources */ = {isa = PBXBuildFile; fileRef = 0A6D5209255F36EF00F2B430 /* MainViewModel.swift */; };
		0A6D520C255F372B00F2B430 /* MainBusinessModel.swift in Sources */ = {isa = PBXBuildFile; fileRef = 0A6D520B255F372B00F2B430 /* MainBusinessModel.swift */; };
		0A8FFC83255ED91400873F7F /* AppDelegate.swift in Sources */ = {isa = PBXBuildFile; fileRef = 0A8FFC82255ED91400873F7F /* AppDelegate.swift */; };
		0A8FFC8C255ED91800873F7F /* Assets.xcassets in Resources */ = {isa = PBXBuildFile; fileRef = 0A8FFC8B255ED91800873F7F /* Assets.xcassets */; };
		0A8FFC8F255ED91800873F7F /* LaunchScreen.storyboard in Resources */ = {isa = PBXBuildFile; fileRef = 0A8FFC8D255ED91800873F7F /* LaunchScreen.storyboard */; };
		0A8FFC9A255ED91900873F7F /* GithubSwiftTests.swift in Sources */ = {isa = PBXBuildFile; fileRef = 0A8FFC99255ED91900873F7F /* GithubSwiftTests.swift */; };
		0A8FFCA5255ED91900873F7F /* GithubSwiftUITests.swift in Sources */ = {isa = PBXBuildFile; fileRef = 0A8FFCA4255ED91900873F7F /* GithubSwiftUITests.swift */; };
		0A9711C02561902D00515689 /* MainBusinessModelDummy.swift in Sources */ = {isa = PBXBuildFile; fileRef = 0A9711BF2561902D00515689 /* MainBusinessModelDummy.swift */; };
		0A9711C62561906E00515689 /* MainModel.swift in Sources */ = {isa = PBXBuildFile; fileRef = 0A9711C52561906E00515689 /* MainModel.swift */; };
		0A9711CC2561954C00515689 /* MainViewHeader.swift in Sources */ = {isa = PBXBuildFile; fileRef = 0A9711CB2561954C00515689 /* MainViewHeader.swift */; };
		0A9711D22561956B00515689 /* MainViewTableViewCell.swift in Sources */ = {isa = PBXBuildFile; fileRef = 0A9711D12561956B00515689 /* MainViewTableViewCell.swift */; };
		0A9711D8256195BB00515689 /* MainViewTableViewCellViewModel.swift in Sources */ = {isa = PBXBuildFile; fileRef = 0A9711D7256195BB00515689 /* MainViewTableViewCellViewModel.swift */; };
		0A9711E22561967E00515689 /* DetailViewController.swift in Sources */ = {isa = PBXBuildFile; fileRef = 0A9711E12561967E00515689 /* DetailViewController.swift */; };
		0A9711EC2561969700515689 /* DetailHeaderView.swift in Sources */ = {isa = PBXBuildFile; fileRef = 0A9711EB2561969700515689 /* DetailHeaderView.swift */; };
		0A9711F2256196B700515689 /* DetailContentView.swift in Sources */ = {isa = PBXBuildFile; fileRef = 0A9711F1256196B700515689 /* DetailContentView.swift */; };
		0A9711F8256196CB00515689 /* DetailViewModel.swift in Sources */ = {isa = PBXBuildFile; fileRef = 0A9711F7256196CB00515689 /* DetailViewModel.swift */; };
		0A9711FE2561988800515689 /* requisitos.pdf in Resources */ = {isa = PBXBuildFile; fileRef = 0A9711FD2561988800515689 /* requisitos.pdf */; };
		0A9712052561997C00515689 /* DefaultViewController.swift in Sources */ = {isa = PBXBuildFile; fileRef = 0A9712042561997C00515689 /* DefaultViewController.swift */; };
		0A97120F256199F700515689 /* Constant.swift in Sources */ = {isa = PBXBuildFile; fileRef = 0A97120E256199F700515689 /* Constant.swift */; };
		0A97121525619E3600515689 /* DefaultViewDelegate.swift in Sources */ = {isa = PBXBuildFile; fileRef = 0A97121425619E3500515689 /* DefaultViewDelegate.swift */; };
		0A97122A2561BC0B00515689 /* MainModelApiParse.swift in Sources */ = {isa = PBXBuildFile; fileRef = 0A9712292561BC0B00515689 /* MainModelApiParse.swift */; };
		0A9712302561C61A00515689 /* UIView+Extension.swift in Sources */ = {isa = PBXBuildFile; fileRef = 0A97122F2561C61A00515689 /* UIView+Extension.swift */; };
		0AA9A8782562ADBE000BDDCC /* GithubSwiftSnapshotTests.swift in Sources */ = {isa = PBXBuildFile; fileRef = 0A971125256067B100515689 /* GithubSwiftSnapshotTests.swift */; };
		193CDF1D10DDDAF8F2615854 /* Pods_GithubSwift.framework in Frameworks */ = {isa = PBXBuildFile; fileRef = 2EF81FFD42E801455AC66179 /* Pods_GithubSwift.framework */; };
		63F2BABD86970B9042773DE5 /* Pods_GithubSwiftTests.framework in Frameworks */ = {isa = PBXBuildFile; fileRef = 4A609E6A0352E2EC86D32385 /* Pods_GithubSwiftTests.framework */; };
		830ED15CDF841EA7A8833AD3 /* Pods_GithubSwiftSnapshotTests.framework in Frameworks */ = {isa = PBXBuildFile; fileRef = 345818E3002D2704DD6FB9C9 /* Pods_GithubSwiftSnapshotTests.framework */; };
		D9F91188CCD82901BF149049 /* Pods_GithubSwift_GithubSwiftUITests.framework in Frameworks */ = {isa = PBXBuildFile; fileRef = EE2EC49BFD7922EB70207455 /* Pods_GithubSwift_GithubSwiftUITests.framework */; };
/* End PBXBuildFile section */

/* Begin PBXContainerItemProxy section */
		0A8FFC96255ED91800873F7F /* PBXContainerItemProxy */ = {
			isa = PBXContainerItemProxy;
			containerPortal = 0A8FFC77255ED91300873F7F /* Project object */;
			proxyType = 1;
			remoteGlobalIDString = 0A8FFC7E255ED91400873F7F;
			remoteInfo = GithubSwift;
		};
		0A8FFCA1255ED91900873F7F /* PBXContainerItemProxy */ = {
			isa = PBXContainerItemProxy;
			containerPortal = 0A8FFC77255ED91300873F7F /* Project object */;
			proxyType = 1;
			remoteGlobalIDString = 0A8FFC7E255ED91400873F7F;
			remoteInfo = GithubSwift;
		};
		0A971128256067B100515689 /* PBXContainerItemProxy */ = {
			isa = PBXContainerItemProxy;
			containerPortal = 0A8FFC77255ED91300873F7F /* Project object */;
			proxyType = 1;
			remoteGlobalIDString = 0A8FFC7E255ED91400873F7F;
			remoteInfo = GithubSwift;
		};
/* End PBXContainerItemProxy section */

/* Begin PBXFileReference section */
		0A6D5207255F36A100F2B430 /* MainViewController.swift */ = {isa = PBXFileReference; lastKnownFileType = sourcecode.swift; path = MainViewController.swift; sourceTree = "<group>"; };
		0A6D5209255F36EF00F2B430 /* MainViewModel.swift */ = {isa = PBXFileReference; lastKnownFileType = sourcecode.swift; path = MainViewModel.swift; sourceTree = "<group>"; };
		0A6D520B255F372B00F2B430 /* MainBusinessModel.swift */ = {isa = PBXFileReference; lastKnownFileType = sourcecode.swift; path = MainBusinessModel.swift; sourceTree = "<group>"; };
		0A8FFC7F255ED91400873F7F /* GithubSwift.app */ = {isa = PBXFileReference; explicitFileType = wrapper.application; includeInIndex = 0; path = GithubSwift.app; sourceTree = BUILT_PRODUCTS_DIR; };
		0A8FFC82255ED91400873F7F /* AppDelegate.swift */ = {isa = PBXFileReference; lastKnownFileType = sourcecode.swift; path = AppDelegate.swift; sourceTree = "<group>"; };
		0A8FFC8B255ED91800873F7F /* Assets.xcassets */ = {isa = PBXFileReference; lastKnownFileType = folder.assetcatalog; path = Assets.xcassets; sourceTree = "<group>"; };
		0A8FFC8E255ED91800873F7F /* Base */ = {isa = PBXFileReference; lastKnownFileType = file.storyboard; name = Base; path = Base.lproj/LaunchScreen.storyboard; sourceTree = "<group>"; };
		0A8FFC90255ED91800873F7F /* Info.plist */ = {isa = PBXFileReference; lastKnownFileType = text.plist.xml; path = Info.plist; sourceTree = "<group>"; };
		0A8FFC95255ED91800873F7F /* GithubSwiftTests.xctest */ = {isa = PBXFileReference; explicitFileType = wrapper.cfbundle; includeInIndex = 0; path = GithubSwiftTests.xctest; sourceTree = BUILT_PRODUCTS_DIR; };
		0A8FFC99255ED91900873F7F /* GithubSwiftTests.swift */ = {isa = PBXFileReference; lastKnownFileType = sourcecode.swift; path = GithubSwiftTests.swift; sourceTree = "<group>"; };
		0A8FFC9B255ED91900873F7F /* Info.plist */ = {isa = PBXFileReference; lastKnownFileType = text.plist.xml; path = Info.plist; sourceTree = "<group>"; };
		0A8FFCA0255ED91900873F7F /* GithubSwiftUITests.xctest */ = {isa = PBXFileReference; explicitFileType = wrapper.cfbundle; includeInIndex = 0; path = GithubSwiftUITests.xctest; sourceTree = BUILT_PRODUCTS_DIR; };
		0A8FFCA4255ED91900873F7F /* GithubSwiftUITests.swift */ = {isa = PBXFileReference; lastKnownFileType = sourcecode.swift; path = GithubSwiftUITests.swift; sourceTree = "<group>"; };
		0A8FFCA6255ED91900873F7F /* Info.plist */ = {isa = PBXFileReference; lastKnownFileType = text.plist.xml; path = Info.plist; sourceTree = "<group>"; };
		0A971123256067B100515689 /* GithubSwiftSnapshotTests.xctest */ = {isa = PBXFileReference; explicitFileType = wrapper.cfbundle; includeInIndex = 0; path = GithubSwiftSnapshotTests.xctest; sourceTree = BUILT_PRODUCTS_DIR; };
		0A971125256067B100515689 /* GithubSwiftSnapshotTests.swift */ = {isa = PBXFileReference; lastKnownFileType = sourcecode.swift; path = GithubSwiftSnapshotTests.swift; sourceTree = "<group>"; };
		0A971127256067B100515689 /* Info.plist */ = {isa = PBXFileReference; lastKnownFileType = text.plist.xml; path = Info.plist; sourceTree = "<group>"; };
		0A9711BF2561902D00515689 /* MainBusinessModelDummy.swift */ = {isa = PBXFileReference; lastKnownFileType = sourcecode.swift; path = MainBusinessModelDummy.swift; sourceTree = "<group>"; };
		0A9711C52561906E00515689 /* MainModel.swift */ = {isa = PBXFileReference; lastKnownFileType = sourcecode.swift; path = MainModel.swift; sourceTree = "<group>"; };
		0A9711CB2561954C00515689 /* MainViewHeader.swift */ = {isa = PBXFileReference; lastKnownFileType = sourcecode.swift; path = MainViewHeader.swift; sourceTree = "<group>"; };
		0A9711D12561956B00515689 /* MainViewTableViewCell.swift */ = {isa = PBXFileReference; lastKnownFileType = sourcecode.swift; path = MainViewTableViewCell.swift; sourceTree = "<group>"; };
		0A9711D7256195BB00515689 /* MainViewTableViewCellViewModel.swift */ = {isa = PBXFileReference; lastKnownFileType = sourcecode.swift; path = MainViewTableViewCellViewModel.swift; sourceTree = "<group>"; };
		0A9711E12561967E00515689 /* DetailViewController.swift */ = {isa = PBXFileReference; lastKnownFileType = sourcecode.swift; path = DetailViewController.swift; sourceTree = "<group>"; };
		0A9711EB2561969700515689 /* DetailHeaderView.swift */ = {isa = PBXFileReference; lastKnownFileType = sourcecode.swift; path = DetailHeaderView.swift; sourceTree = "<group>"; };
		0A9711F1256196B700515689 /* DetailContentView.swift */ = {isa = PBXFileReference; lastKnownFileType = sourcecode.swift; path = DetailContentView.swift; sourceTree = "<group>"; };
		0A9711F7256196CB00515689 /* DetailViewModel.swift */ = {isa = PBXFileReference; lastKnownFileType = sourcecode.swift; path = DetailViewModel.swift; sourceTree = "<group>"; };
		0A9711FD2561988800515689 /* requisitos.pdf */ = {isa = PBXFileReference; lastKnownFileType = image.pdf; path = requisitos.pdf; sourceTree = "<group>"; };
		0A9712042561997C00515689 /* DefaultViewController.swift */ = {isa = PBXFileReference; lastKnownFileType = sourcecode.swift; path = DefaultViewController.swift; sourceTree = "<group>"; };
		0A97120E256199F700515689 /* Constant.swift */ = {isa = PBXFileReference; lastKnownFileType = sourcecode.swift; path = Constant.swift; sourceTree = "<group>"; };
		0A97121425619E3500515689 /* DefaultViewDelegate.swift */ = {isa = PBXFileReference; lastKnownFileType = sourcecode.swift; path = DefaultViewDelegate.swift; sourceTree = "<group>"; };
		0A9712292561BC0B00515689 /* MainModelApiParse.swift */ = {isa = PBXFileReference; lastKnownFileType = sourcecode.swift; path = MainModelApiParse.swift; sourceTree = "<group>"; };
		0A97122F2561C61A00515689 /* UIView+Extension.swift */ = {isa = PBXFileReference; lastKnownFileType = sourcecode.swift; path = "UIView+Extension.swift"; sourceTree = "<group>"; };
		1380D1C671F3DF49145D8FBA /* Pods-GithubSwift-GithubSwiftUITests.debug.xcconfig */ = {isa = PBXFileReference; includeInIndex = 1; lastKnownFileType = text.xcconfig; name = "Pods-GithubSwift-GithubSwiftUITests.debug.xcconfig"; path = "Target Support Files/Pods-GithubSwift-GithubSwiftUITests/Pods-GithubSwift-GithubSwiftUITests.debug.xcconfig"; sourceTree = "<group>"; };
		2EF81FFD42E801455AC66179 /* Pods_GithubSwift.framework */ = {isa = PBXFileReference; explicitFileType = wrapper.framework; includeInIndex = 0; path = Pods_GithubSwift.framework; sourceTree = BUILT_PRODUCTS_DIR; };
		345818E3002D2704DD6FB9C9 /* Pods_GithubSwiftSnapshotTests.framework */ = {isa = PBXFileReference; explicitFileType = wrapper.framework; includeInIndex = 0; path = Pods_GithubSwiftSnapshotTests.framework; sourceTree = BUILT_PRODUCTS_DIR; };
		365ACA19C05CB5F04A245D7B /* Pods-GithubSwiftSnapshotTests.release.xcconfig */ = {isa = PBXFileReference; includeInIndex = 1; lastKnownFileType = text.xcconfig; name = "Pods-GithubSwiftSnapshotTests.release.xcconfig"; path = "Target Support Files/Pods-GithubSwiftSnapshotTests/Pods-GithubSwiftSnapshotTests.release.xcconfig"; sourceTree = "<group>"; };
		4A609E6A0352E2EC86D32385 /* Pods_GithubSwiftTests.framework */ = {isa = PBXFileReference; explicitFileType = wrapper.framework; includeInIndex = 0; path = Pods_GithubSwiftTests.framework; sourceTree = BUILT_PRODUCTS_DIR; };
		6A6D5B193789070C60EE3A56 /* Pods-GithubSwiftTests.release.xcconfig */ = {isa = PBXFileReference; includeInIndex = 1; lastKnownFileType = text.xcconfig; name = "Pods-GithubSwiftTests.release.xcconfig"; path = "Target Support Files/Pods-GithubSwiftTests/Pods-GithubSwiftTests.release.xcconfig"; sourceTree = "<group>"; };
		71FAD7D7B80AFD04550C2B9E /* Pods-GithubSwiftTests.debug.xcconfig */ = {isa = PBXFileReference; includeInIndex = 1; lastKnownFileType = text.xcconfig; name = "Pods-GithubSwiftTests.debug.xcconfig"; path = "Target Support Files/Pods-GithubSwiftTests/Pods-GithubSwiftTests.debug.xcconfig"; sourceTree = "<group>"; };
		7CE6EF90A366CE9CBBB9524D /* Pods-GithubSwift-GithubSwiftUITests.release.xcconfig */ = {isa = PBXFileReference; includeInIndex = 1; lastKnownFileType = text.xcconfig; name = "Pods-GithubSwift-GithubSwiftUITests.release.xcconfig"; path = "Target Support Files/Pods-GithubSwift-GithubSwiftUITests/Pods-GithubSwift-GithubSwiftUITests.release.xcconfig"; sourceTree = "<group>"; };
		A1D8839E7610170F1B7B4E7F /* Pods-GithubSwift.release.xcconfig */ = {isa = PBXFileReference; includeInIndex = 1; lastKnownFileType = text.xcconfig; name = "Pods-GithubSwift.release.xcconfig"; path = "Target Support Files/Pods-GithubSwift/Pods-GithubSwift.release.xcconfig"; sourceTree = "<group>"; };
		B122508E1BD6CB5C33F77105 /* Pods-GithubSwiftSnapshotTests.debug.xcconfig */ = {isa = PBXFileReference; includeInIndex = 1; lastKnownFileType = text.xcconfig; name = "Pods-GithubSwiftSnapshotTests.debug.xcconfig"; path = "Target Support Files/Pods-GithubSwiftSnapshotTests/Pods-GithubSwiftSnapshotTests.debug.xcconfig"; sourceTree = "<group>"; };
		DF9693E52CD3AA9FE5BB101C /* Pods-GithubSwift.debug.xcconfig */ = {isa = PBXFileReference; includeInIndex = 1; lastKnownFileType = text.xcconfig; name = "Pods-GithubSwift.debug.xcconfig"; path = "Target Support Files/Pods-GithubSwift/Pods-GithubSwift.debug.xcconfig"; sourceTree = "<group>"; };
		EE2EC49BFD7922EB70207455 /* Pods_GithubSwift_GithubSwiftUITests.framework */ = {isa = PBXFileReference; explicitFileType = wrapper.framework; includeInIndex = 0; path = Pods_GithubSwift_GithubSwiftUITests.framework; sourceTree = BUILT_PRODUCTS_DIR; };
/* End PBXFileReference section */

/* Begin PBXFrameworksBuildPhase section */
		0A8FFC7C255ED91400873F7F /* Frameworks */ = {
			isa = PBXFrameworksBuildPhase;
			buildActionMask = 2147483647;
			files = (
				193CDF1D10DDDAF8F2615854 /* Pods_GithubSwift.framework in Frameworks */,
			);
			runOnlyForDeploymentPostprocessing = 0;
		};
		0A8FFC92255ED91800873F7F /* Frameworks */ = {
			isa = PBXFrameworksBuildPhase;
			buildActionMask = 2147483647;
			files = (
				63F2BABD86970B9042773DE5 /* Pods_GithubSwiftTests.framework in Frameworks */,
			);
			runOnlyForDeploymentPostprocessing = 0;
		};
		0A8FFC9D255ED91900873F7F /* Frameworks */ = {
			isa = PBXFrameworksBuildPhase;
			buildActionMask = 2147483647;
			files = (
				D9F91188CCD82901BF149049 /* Pods_GithubSwift_GithubSwiftUITests.framework in Frameworks */,
			);
			runOnlyForDeploymentPostprocessing = 0;
		};
		0A971120256067B100515689 /* Frameworks */ = {
			isa = PBXFrameworksBuildPhase;
			buildActionMask = 2147483647;
			files = (
				830ED15CDF841EA7A8833AD3 /* Pods_GithubSwiftSnapshotTests.framework in Frameworks */,
			);
			runOnlyForDeploymentPostprocessing = 0;
		};
/* End PBXFrameworksBuildPhase section */

/* Begin PBXGroup section */
		0A6D5201255F35D100F2B430 /* Model */ = {
			isa = PBXGroup;
			children = (
				0A9711C52561906E00515689 /* MainModel.swift */,
			);
			path = Model;
			sourceTree = "<group>";
		};
		0A6D5202255F35E000F2B430 /* View */ = {
			isa = PBXGroup;
			children = (
				0A6D5207255F36A100F2B430 /* MainViewController.swift */,
				0A9711CB2561954C00515689 /* MainViewHeader.swift */,
				0A9711D12561956B00515689 /* MainViewTableViewCell.swift */,
			);
			path = View;
			sourceTree = "<group>";
		};
		0A6D5203255F35E900F2B430 /* ViewModel */ = {
			isa = PBXGroup;
			children = (
				0A6D5209255F36EF00F2B430 /* MainViewModel.swift */,
				0A9711D7256195BB00515689 /* MainViewTableViewCellViewModel.swift */,
			);
			path = ViewModel;
			sourceTree = "<group>";
		};
		0A6D5204255F362700F2B430 /* Business */ = {
			isa = PBXGroup;
			children = (
				0A6D520B255F372B00F2B430 /* MainBusinessModel.swift */,
				0A9711BF2561902D00515689 /* MainBusinessModelDummy.swift */,
				0A9712292561BC0B00515689 /* MainModelApiParse.swift */,
			);
			path = Business;
			sourceTree = "<group>";
		};
		0A6D5205255F366700F2B430 /* Main */ = {
			isa = PBXGroup;
			children = (
				0A6D5201255F35D100F2B430 /* Model */,
				0A6D5202255F35E000F2B430 /* View */,
				0A6D5203255F35E900F2B430 /* ViewModel */,
				0A6D5204255F362700F2B430 /* Business */,
			);
			path = Main;
			sourceTree = "<group>";
		};
		0A6D5206255F367600F2B430 /* Features */ = {
			isa = PBXGroup;
			children = (
				0A6D5205255F366700F2B430 /* Main */,
				0A9711DD2561963100515689 /* Detail */,
			);
			path = Features;
			sourceTree = "<group>";
		};
		0A8FFC76255ED91300873F7F = {
			isa = PBXGroup;
			children = (
				0A8FFC81255ED91400873F7F /* GithubSwift */,
				0A8FFC98255ED91900873F7F /* GithubSwiftTests */,
				0A8FFCA3255ED91900873F7F /* GithubSwiftUITests */,
				0A971124256067B100515689 /* GithubSwiftSnapshotTests */,
				0A8FFC80255ED91400873F7F /* Products */,
				53B2142DFA64035E760E33BF /* Pods */,
				31B4CF61C65DDB0120408AE1 /* Frameworks */,
			);
			sourceTree = "<group>";
		};
		0A8FFC80255ED91400873F7F /* Products */ = {
			isa = PBXGroup;
			children = (
				0A8FFC7F255ED91400873F7F /* GithubSwift.app */,
				0A8FFC95255ED91800873F7F /* GithubSwiftTests.xctest */,
				0A8FFCA0255ED91900873F7F /* GithubSwiftUITests.xctest */,
				0A971123256067B100515689 /* GithubSwiftSnapshotTests.xctest */,
			);
			name = Products;
			sourceTree = "<group>";
		};
		0A8FFC81255ED91400873F7F /* GithubSwift */ = {
			isa = PBXGroup;
			children = (
				0A6D5206255F367600F2B430 /* Features */,
				0A971203256198CC00515689 /* Shared */,
				0A8FFC82255ED91400873F7F /* AppDelegate.swift */,
				0A8FFC8B255ED91800873F7F /* Assets.xcassets */,
				0A8FFC8D255ED91800873F7F /* LaunchScreen.storyboard */,
				0A8FFC90255ED91800873F7F /* Info.plist */,
				0A9711FD2561988800515689 /* requisitos.pdf */,
			);
			path = GithubSwift;
			sourceTree = "<group>";
		};
		0A8FFC98255ED91900873F7F /* GithubSwiftTests */ = {
			isa = PBXGroup;
			children = (
				0A8FFC99255ED91900873F7F /* GithubSwiftTests.swift */,
				0A8FFC9B255ED91900873F7F /* Info.plist */,
			);
			path = GithubSwiftTests;
			sourceTree = "<group>";
		};
		0A8FFCA3255ED91900873F7F /* GithubSwiftUITests */ = {
			isa = PBXGroup;
			children = (
				0A8FFCA4255ED91900873F7F /* GithubSwiftUITests.swift */,
				0A8FFCA6255ED91900873F7F /* Info.plist */,
			);
			path = GithubSwiftUITests;
			sourceTree = "<group>";
		};
		0A971124256067B100515689 /* GithubSwiftSnapshotTests */ = {
			isa = PBXGroup;
			children = (
				0A971125256067B100515689 /* GithubSwiftSnapshotTests.swift */,
				0A971127256067B100515689 /* Info.plist */,
			);
			path = GithubSwiftSnapshotTests;
			sourceTree = "<group>";
		};
		0A9711DD2561963100515689 /* Detail */ = {
			isa = PBXGroup;
			children = (
				0A9711E02561965A00515689 /* View */,
				0A9711DF2561965200515689 /* ViewModel */,
			);
			path = Detail;
			sourceTree = "<group>";
		};
		0A9711DF2561965200515689 /* ViewModel */ = {
			isa = PBXGroup;
			children = (
				0A9711F7256196CB00515689 /* DetailViewModel.swift */,
			);
			path = ViewModel;
			sourceTree = "<group>";
		};
		0A9711E02561965A00515689 /* View */ = {
			isa = PBXGroup;
			children = (
				0A9711E12561967E00515689 /* DetailViewController.swift */,
				0A9711EB2561969700515689 /* DetailHeaderView.swift */,
				0A9711F1256196B700515689 /* DetailContentView.swift */,
			);
			path = View;
			sourceTree = "<group>";
		};
		0A971203256198CC00515689 /* Shared */ = {
			isa = PBXGroup;
			children = (
				0A9712042561997C00515689 /* DefaultViewController.swift */,
				0A97120E256199F700515689 /* Constant.swift */,
				0A97121425619E3500515689 /* DefaultViewDelegate.swift */,
				0A97122F2561C61A00515689 /* UIView+Extension.swift */,
			);
			path = Shared;
			sourceTree = "<group>";
		};
		31B4CF61C65DDB0120408AE1 /* Frameworks */ = {
			isa = PBXGroup;
			children = (
				2EF81FFD42E801455AC66179 /* Pods_GithubSwift.framework */,
				EE2EC49BFD7922EB70207455 /* Pods_GithubSwift_GithubSwiftUITests.framework */,
				345818E3002D2704DD6FB9C9 /* Pods_GithubSwiftSnapshotTests.framework */,
				4A609E6A0352E2EC86D32385 /* Pods_GithubSwiftTests.framework */,
			);
			name = Frameworks;
			sourceTree = "<group>";
		};
		53B2142DFA64035E760E33BF /* Pods */ = {
			isa = PBXGroup;
			children = (
				DF9693E52CD3AA9FE5BB101C /* Pods-GithubSwift.debug.xcconfig */,
				A1D8839E7610170F1B7B4E7F /* Pods-GithubSwift.release.xcconfig */,
				1380D1C671F3DF49145D8FBA /* Pods-GithubSwift-GithubSwiftUITests.debug.xcconfig */,
				7CE6EF90A366CE9CBBB9524D /* Pods-GithubSwift-GithubSwiftUITests.release.xcconfig */,
				B122508E1BD6CB5C33F77105 /* Pods-GithubSwiftSnapshotTests.debug.xcconfig */,
				365ACA19C05CB5F04A245D7B /* Pods-GithubSwiftSnapshotTests.release.xcconfig */,
				71FAD7D7B80AFD04550C2B9E /* Pods-GithubSwiftTests.debug.xcconfig */,
				6A6D5B193789070C60EE3A56 /* Pods-GithubSwiftTests.release.xcconfig */,
			);
			path = Pods;
			sourceTree = "<group>";
		};
/* End PBXGroup section */

/* Begin PBXNativeTarget section */
		0A8FFC7E255ED91400873F7F /* GithubSwift */ = {
			isa = PBXNativeTarget;
			buildConfigurationList = 0A8FFCA9255ED91900873F7F /* Build configuration list for PBXNativeTarget "GithubSwift" */;
			buildPhases = (
				D6A759E5F4CE68889B636D19 /* [CP] Check Pods Manifest.lock */,
				0A8FFC7B255ED91400873F7F /* Sources */,
				0A8FFC7C255ED91400873F7F /* Frameworks */,
				0A8FFC7D255ED91400873F7F /* Resources */,
				3AC08941AB375E9E07399BFA /* [CP] Embed Pods Frameworks */,
			);
			buildRules = (
			);
			dependencies = (
			);
			name = GithubSwift;
			productName = GithubSwift;
			productReference = 0A8FFC7F255ED91400873F7F /* GithubSwift.app */;
			productType = "com.apple.product-type.application";
		};
		0A8FFC94255ED91800873F7F /* GithubSwiftTests */ = {
			isa = PBXNativeTarget;
			buildConfigurationList = 0A8FFCAC255ED91900873F7F /* Build configuration list for PBXNativeTarget "GithubSwiftTests" */;
			buildPhases = (
				05A46DC18000EF1348CEBF0E /* [CP] Check Pods Manifest.lock */,
				0A8FFC91255ED91800873F7F /* Sources */,
				0A8FFC92255ED91800873F7F /* Frameworks */,
				0A8FFC93255ED91800873F7F /* Resources */,
			);
			buildRules = (
			);
			dependencies = (
				0A8FFC97255ED91800873F7F /* PBXTargetDependency */,
			);
			name = GithubSwiftTests;
			productName = GithubSwiftTests;
			productReference = 0A8FFC95255ED91800873F7F /* GithubSwiftTests.xctest */;
			productType = "com.apple.product-type.bundle.unit-test";
		};
		0A8FFC9F255ED91900873F7F /* GithubSwiftUITests */ = {
			isa = PBXNativeTarget;
			buildConfigurationList = 0A8FFCAF255ED91900873F7F /* Build configuration list for PBXNativeTarget "GithubSwiftUITests" */;
			buildPhases = (
				626A716642471F8F34CC4A14 /* [CP] Check Pods Manifest.lock */,
				0A8FFC9C255ED91900873F7F /* Sources */,
				0A8FFC9D255ED91900873F7F /* Frameworks */,
				0A8FFC9E255ED91900873F7F /* Resources */,
				89D612426BCA835E2C3FD6F6 /* [CP] Embed Pods Frameworks */,
			);
			buildRules = (
			);
			dependencies = (
				0A8FFCA2255ED91900873F7F /* PBXTargetDependency */,
			);
			name = GithubSwiftUITests;
			productName = GithubSwiftUITests;
			productReference = 0A8FFCA0255ED91900873F7F /* GithubSwiftUITests.xctest */;
			productType = "com.apple.product-type.bundle.ui-testing";
		};
		0A971122256067B100515689 /* GithubSwiftSnapshotTests */ = {
			isa = PBXNativeTarget;
			buildConfigurationList = 0A97112C256067B100515689 /* Build configuration list for PBXNativeTarget "GithubSwiftSnapshotTests" */;
			buildPhases = (
				BB5417DA0C09117413E6CD9A /* [CP] Check Pods Manifest.lock */,
				0A97111F256067B100515689 /* Sources */,
				0A971120256067B100515689 /* Frameworks */,
				0A971121256067B100515689 /* Resources */,
				063260911D04C832A9AE269A /* [CP] Embed Pods Frameworks */,
			);
			buildRules = (
			);
			dependencies = (
				0A971129256067B100515689 /* PBXTargetDependency */,
			);
			name = GithubSwiftSnapshotTests;
			productName = GithubSwiftSnapshotTests;
			productReference = 0A971123256067B100515689 /* GithubSwiftSnapshotTests.xctest */;
			productType = "com.apple.product-type.bundle.unit-test";
		};
/* End PBXNativeTarget section */

/* Begin PBXProject section */
		0A8FFC77255ED91300873F7F /* Project object */ = {
			isa = PBXProject;
			attributes = {
				LastSwiftUpdateCheck = 1210;
				LastUpgradeCheck = 1110;
				ORGANIZATIONNAME = "Cleilton Feitosa";
				TargetAttributes = {
					0A8FFC7E255ED91400873F7F = {
						CreatedOnToolsVersion = 11.1;
					};
					0A8FFC94255ED91800873F7F = {
						CreatedOnToolsVersion = 11.1;
						TestTargetID = 0A8FFC7E255ED91400873F7F;
					};
					0A8FFC9F255ED91900873F7F = {
						CreatedOnToolsVersion = 11.1;
						TestTargetID = 0A8FFC7E255ED91400873F7F;
					};
					0A971122256067B100515689 = {
						CreatedOnToolsVersion = 12.1;
						TestTargetID = 0A8FFC7E255ED91400873F7F;
					};
				};
			};
			buildConfigurationList = 0A8FFC7A255ED91300873F7F /* Build configuration list for PBXProject "GithubSwift" */;
			compatibilityVersion = "Xcode 9.3";
			developmentRegion = en;
			hasScannedForEncodings = 0;
			knownRegions = (
				en,
				Base,
			);
			mainGroup = 0A8FFC76255ED91300873F7F;
			productRefGroup = 0A8FFC80255ED91400873F7F /* Products */;
			projectDirPath = "";
			projectRoot = "";
			targets = (
				0A8FFC7E255ED91400873F7F /* GithubSwift */,
				0A8FFC94255ED91800873F7F /* GithubSwiftTests */,
				0A8FFC9F255ED91900873F7F /* GithubSwiftUITests */,
				0A971122256067B100515689 /* GithubSwiftSnapshotTests */,
			);
		};
/* End PBXProject section */

/* Begin PBXResourcesBuildPhase section */
		0A8FFC7D255ED91400873F7F /* Resources */ = {
			isa = PBXResourcesBuildPhase;
			buildActionMask = 2147483647;
			files = (
				0A9711FE2561988800515689 /* requisitos.pdf in Resources */,
				0A8FFC8F255ED91800873F7F /* LaunchScreen.storyboard in Resources */,
				0A8FFC8C255ED91800873F7F /* Assets.xcassets in Resources */,
			);
			runOnlyForDeploymentPostprocessing = 0;
		};
		0A8FFC93255ED91800873F7F /* Resources */ = {
			isa = PBXResourcesBuildPhase;
			buildActionMask = 2147483647;
			files = (
			);
			runOnlyForDeploymentPostprocessing = 0;
		};
		0A8FFC9E255ED91900873F7F /* Resources */ = {
			isa = PBXResourcesBuildPhase;
			buildActionMask = 2147483647;
			files = (
			);
			runOnlyForDeploymentPostprocessing = 0;
		};
		0A971121256067B100515689 /* Resources */ = {
			isa = PBXResourcesBuildPhase;
			buildActionMask = 2147483647;
			files = (
			);
			runOnlyForDeploymentPostprocessing = 0;
		};
/* End PBXResourcesBuildPhase section */

/* Begin PBXShellScriptBuildPhase section */
		05A46DC18000EF1348CEBF0E /* [CP] Check Pods Manifest.lock */ = {
			isa = PBXShellScriptBuildPhase;
			buildActionMask = 2147483647;
			files = (
			);
			inputFileListPaths = (
			);
			inputPaths = (
				"${PODS_PODFILE_DIR_PATH}/Podfile.lock",
				"${PODS_ROOT}/Manifest.lock",
			);
			name = "[CP] Check Pods Manifest.lock";
			outputFileListPaths = (
			);
			outputPaths = (
				"$(DERIVED_FILE_DIR)/Pods-GithubSwiftTests-checkManifestLockResult.txt",
			);
			runOnlyForDeploymentPostprocessing = 0;
			shellPath = /bin/sh;
			shellScript = "diff \"${PODS_PODFILE_DIR_PATH}/Podfile.lock\" \"${PODS_ROOT}/Manifest.lock\" > /dev/null\nif [ $? != 0 ] ; then\n    # print error to STDERR\n    echo \"error: The sandbox is not in sync with the Podfile.lock. Run 'pod install' or update your CocoaPods installation.\" >&2\n    exit 1\nfi\n# This output is used by Xcode 'outputs' to avoid re-running this script phase.\necho \"SUCCESS\" > \"${SCRIPT_OUTPUT_FILE_0}\"\n";
			showEnvVarsInLog = 0;
		};
		063260911D04C832A9AE269A /* [CP] Embed Pods Frameworks */ = {
			isa = PBXShellScriptBuildPhase;
			buildActionMask = 2147483647;
			files = (
			);
			inputFileListPaths = (
				"${PODS_ROOT}/Target Support Files/Pods-GithubSwiftSnapshotTests/Pods-GithubSwiftSnapshotTests-frameworks-${CONFIGURATION}-input-files.xcfilelist",
			);
			name = "[CP] Embed Pods Frameworks";
			outputFileListPaths = (
				"${PODS_ROOT}/Target Support Files/Pods-GithubSwiftSnapshotTests/Pods-GithubSwiftSnapshotTests-frameworks-${CONFIGURATION}-output-files.xcfilelist",
			);
			runOnlyForDeploymentPostprocessing = 0;
			shellPath = /bin/sh;
			shellScript = "\"${PODS_ROOT}/Target Support Files/Pods-GithubSwiftSnapshotTests/Pods-GithubSwiftSnapshotTests-frameworks.sh\"\n";
			showEnvVarsInLog = 0;
		};
		3AC08941AB375E9E07399BFA /* [CP] Embed Pods Frameworks */ = {
			isa = PBXShellScriptBuildPhase;
			buildActionMask = 2147483647;
			files = (
			);
			inputFileListPaths = (
				"${PODS_ROOT}/Target Support Files/Pods-GithubSwift/Pods-GithubSwift-frameworks-${CONFIGURATION}-input-files.xcfilelist",
			);
			name = "[CP] Embed Pods Frameworks";
			outputFileListPaths = (
				"${PODS_ROOT}/Target Support Files/Pods-GithubSwift/Pods-GithubSwift-frameworks-${CONFIGURATION}-output-files.xcfilelist",
			);
			runOnlyForDeploymentPostprocessing = 0;
			shellPath = /bin/sh;
			shellScript = "\"${PODS_ROOT}/Target Support Files/Pods-GithubSwift/Pods-GithubSwift-frameworks.sh\"\n";
			showEnvVarsInLog = 0;
		};
		626A716642471F8F34CC4A14 /* [CP] Check Pods Manifest.lock */ = {
			isa = PBXShellScriptBuildPhase;
			buildActionMask = 2147483647;
			files = (
			);
			inputFileListPaths = (
			);
			inputPaths = (
				"${PODS_PODFILE_DIR_PATH}/Podfile.lock",
				"${PODS_ROOT}/Manifest.lock",
			);
			name = "[CP] Check Pods Manifest.lock";
			outputFileListPaths = (
			);
			outputPaths = (
				"$(DERIVED_FILE_DIR)/Pods-GithubSwift-GithubSwiftUITests-checkManifestLockResult.txt",
			);
			runOnlyForDeploymentPostprocessing = 0;
			shellPath = /bin/sh;
			shellScript = "diff \"${PODS_PODFILE_DIR_PATH}/Podfile.lock\" \"${PODS_ROOT}/Manifest.lock\" > /dev/null\nif [ $? != 0 ] ; then\n    # print error to STDERR\n    echo \"error: The sandbox is not in sync with the Podfile.lock. Run 'pod install' or update your CocoaPods installation.\" >&2\n    exit 1\nfi\n# This output is used by Xcode 'outputs' to avoid re-running this script phase.\necho \"SUCCESS\" > \"${SCRIPT_OUTPUT_FILE_0}\"\n";
			showEnvVarsInLog = 0;
		};
		89D612426BCA835E2C3FD6F6 /* [CP] Embed Pods Frameworks */ = {
			isa = PBXShellScriptBuildPhase;
			buildActionMask = 2147483647;
			files = (
			);
			inputFileListPaths = (
				"${PODS_ROOT}/Target Support Files/Pods-GithubSwift-GithubSwiftUITests/Pods-GithubSwift-GithubSwiftUITests-frameworks-${CONFIGURATION}-input-files.xcfilelist",
			);
			name = "[CP] Embed Pods Frameworks";
			outputFileListPaths = (
				"${PODS_ROOT}/Target Support Files/Pods-GithubSwift-GithubSwiftUITests/Pods-GithubSwift-GithubSwiftUITests-frameworks-${CONFIGURATION}-output-files.xcfilelist",
			);
			runOnlyForDeploymentPostprocessing = 0;
			shellPath = /bin/sh;
			shellScript = "\"${PODS_ROOT}/Target Support Files/Pods-GithubSwift-GithubSwiftUITests/Pods-GithubSwift-GithubSwiftUITests-frameworks.sh\"\n";
			showEnvVarsInLog = 0;
		};
		BB5417DA0C09117413E6CD9A /* [CP] Check Pods Manifest.lock */ = {
			isa = PBXShellScriptBuildPhase;
			buildActionMask = 2147483647;
			files = (
			);
			inputFileListPaths = (
			);
			inputPaths = (
				"${PODS_PODFILE_DIR_PATH}/Podfile.lock",
				"${PODS_ROOT}/Manifest.lock",
			);
			name = "[CP] Check Pods Manifest.lock";
			outputFileListPaths = (
			);
			outputPaths = (
				"$(DERIVED_FILE_DIR)/Pods-GithubSwiftSnapshotTests-checkManifestLockResult.txt",
			);
			runOnlyForDeploymentPostprocessing = 0;
			shellPath = /bin/sh;
			shellScript = "diff \"${PODS_PODFILE_DIR_PATH}/Podfile.lock\" \"${PODS_ROOT}/Manifest.lock\" > /dev/null\nif [ $? != 0 ] ; then\n    # print error to STDERR\n    echo \"error: The sandbox is not in sync with the Podfile.lock. Run 'pod install' or update your CocoaPods installation.\" >&2\n    exit 1\nfi\n# This output is used by Xcode 'outputs' to avoid re-running this script phase.\necho \"SUCCESS\" > \"${SCRIPT_OUTPUT_FILE_0}\"\n";
			showEnvVarsInLog = 0;
		};
		D6A759E5F4CE68889B636D19 /* [CP] Check Pods Manifest.lock */ = {
			isa = PBXShellScriptBuildPhase;
			buildActionMask = 2147483647;
			files = (
			);
			inputFileListPaths = (
			);
			inputPaths = (
				"${PODS_PODFILE_DIR_PATH}/Podfile.lock",
				"${PODS_ROOT}/Manifest.lock",
			);
			name = "[CP] Check Pods Manifest.lock";
			outputFileListPaths = (
			);
			outputPaths = (
				"$(DERIVED_FILE_DIR)/Pods-GithubSwift-checkManifestLockResult.txt",
			);
			runOnlyForDeploymentPostprocessing = 0;
			shellPath = /bin/sh;
			shellScript = "diff \"${PODS_PODFILE_DIR_PATH}/Podfile.lock\" \"${PODS_ROOT}/Manifest.lock\" > /dev/null\nif [ $? != 0 ] ; then\n    # print error to STDERR\n    echo \"error: The sandbox is not in sync with the Podfile.lock. Run 'pod install' or update your CocoaPods installation.\" >&2\n    exit 1\nfi\n# This output is used by Xcode 'outputs' to avoid re-running this script phase.\necho \"SUCCESS\" > \"${SCRIPT_OUTPUT_FILE_0}\"\n";
			showEnvVarsInLog = 0;
		};
/* End PBXShellScriptBuildPhase section */

/* Begin PBXSourcesBuildPhase section */
		0A8FFC7B255ED91400873F7F /* Sources */ = {
			isa = PBXSourcesBuildPhase;
			buildActionMask = 2147483647;
			files = (
				0A6D520C255F372B00F2B430 /* MainBusinessModel.swift in Sources */,
				0A9711EC2561969700515689 /* DetailHeaderView.swift in Sources */,
				0A97120F256199F700515689 /* Constant.swift in Sources */,
				0A9711C02561902D00515689 /* MainBusinessModelDummy.swift in Sources */,
				0A97122A2561BC0B00515689 /* MainModelApiParse.swift in Sources */,
				0A9711D8256195BB00515689 /* MainViewTableViewCellViewModel.swift in Sources */,
				0A9712052561997C00515689 /* DefaultViewController.swift in Sources */,
				0A97121525619E3600515689 /* DefaultViewDelegate.swift in Sources */,
				0A9711C62561906E00515689 /* MainModel.swift in Sources */,
				0A9711D22561956B00515689 /* MainViewTableViewCell.swift in Sources */,
				0A6D5208255F36A100F2B430 /* MainViewController.swift in Sources */,
				0A9711CC2561954C00515689 /* MainViewHeader.swift in Sources */,
				0A9712302561C61A00515689 /* UIView+Extension.swift in Sources */,
				0A9711E22561967E00515689 /* DetailViewController.swift in Sources */,
				0A9711F8256196CB00515689 /* DetailViewModel.swift in Sources */,
				0A8FFC83255ED91400873F7F /* AppDelegate.swift in Sources */,
				0A6D520A255F36EF00F2B430 /* MainViewModel.swift in Sources */,
				0A9711F2256196B700515689 /* DetailContentView.swift in Sources */,
			);
			runOnlyForDeploymentPostprocessing = 0;
		};
		0A8FFC91255ED91800873F7F /* Sources */ = {
			isa = PBXSourcesBuildPhase;
			buildActionMask = 2147483647;
			files = (
				0A8FFC9A255ED91900873F7F /* GithubSwiftTests.swift in Sources */,
			);
			runOnlyForDeploymentPostprocessing = 0;
		};
		0A8FFC9C255ED91900873F7F /* Sources */ = {
			isa = PBXSourcesBuildPhase;
			buildActionMask = 2147483647;
			files = (
				0A8FFCA5255ED91900873F7F /* GithubSwiftUITests.swift in Sources */,
			);
			runOnlyForDeploymentPostprocessing = 0;
		};
		0A97111F256067B100515689 /* Sources */ = {
			isa = PBXSourcesBuildPhase;
			buildActionMask = 2147483647;
			files = (
				0AA9A8782562ADBE000BDDCC /* GithubSwiftSnapshotTests.swift in Sources */,
			);
			runOnlyForDeploymentPostprocessing = 0;
		};
/* End PBXSourcesBuildPhase section */

/* Begin PBXTargetDependency section */
		0A8FFC97255ED91800873F7F /* PBXTargetDependency */ = {
			isa = PBXTargetDependency;
			target = 0A8FFC7E255ED91400873F7F /* GithubSwift */;
			targetProxy = 0A8FFC96255ED91800873F7F /* PBXContainerItemProxy */;
		};
		0A8FFCA2255ED91900873F7F /* PBXTargetDependency */ = {
			isa = PBXTargetDependency;
			target = 0A8FFC7E255ED91400873F7F /* GithubSwift */;
			targetProxy = 0A8FFCA1255ED91900873F7F /* PBXContainerItemProxy */;
		};
		0A971129256067B100515689 /* PBXTargetDependency */ = {
			isa = PBXTargetDependency;
			target = 0A8FFC7E255ED91400873F7F /* GithubSwift */;
			targetProxy = 0A971128256067B100515689 /* PBXContainerItemProxy */;
		};
/* End PBXTargetDependency section */

/* Begin PBXVariantGroup section */
		0A8FFC8D255ED91800873F7F /* LaunchScreen.storyboard */ = {
			isa = PBXVariantGroup;
			children = (
				0A8FFC8E255ED91800873F7F /* Base */,
			);
			name = LaunchScreen.storyboard;
			sourceTree = "<group>";
		};
/* End PBXVariantGroup section */

/* Begin XCBuildConfiguration section */
		0A8FFCA7255ED91900873F7F /* Debug */ = {
			isa = XCBuildConfiguration;
			buildSettings = {
				ALWAYS_SEARCH_USER_PATHS = NO;
				CLANG_ANALYZER_NONNULL = YES;
				CLANG_ANALYZER_NUMBER_OBJECT_CONVERSION = YES_AGGRESSIVE;
				CLANG_CXX_LANGUAGE_STANDARD = "gnu++14";
				CLANG_CXX_LIBRARY = "libc++";
				CLANG_ENABLE_MODULES = YES;
				CLANG_ENABLE_OBJC_ARC = YES;
				CLANG_ENABLE_OBJC_WEAK = YES;
				CLANG_WARN_BLOCK_CAPTURE_AUTORELEASING = YES;
				CLANG_WARN_BOOL_CONVERSION = YES;
				CLANG_WARN_COMMA = YES;
				CLANG_WARN_CONSTANT_CONVERSION = YES;
				CLANG_WARN_DEPRECATED_OBJC_IMPLEMENTATIONS = YES;
				CLANG_WARN_DIRECT_OBJC_ISA_USAGE = YES_ERROR;
				CLANG_WARN_DOCUMENTATION_COMMENTS = YES;
				CLANG_WARN_EMPTY_BODY = YES;
				CLANG_WARN_ENUM_CONVERSION = YES;
				CLANG_WARN_INFINITE_RECURSION = YES;
				CLANG_WARN_INT_CONVERSION = YES;
				CLANG_WARN_NON_LITERAL_NULL_CONVERSION = YES;
				CLANG_WARN_OBJC_IMPLICIT_RETAIN_SELF = YES;
				CLANG_WARN_OBJC_LITERAL_CONVERSION = YES;
				CLANG_WARN_OBJC_ROOT_CLASS = YES_ERROR;
				CLANG_WARN_RANGE_LOOP_ANALYSIS = YES;
				CLANG_WARN_STRICT_PROTOTYPES = YES;
				CLANG_WARN_SUSPICIOUS_MOVE = YES;
				CLANG_WARN_UNGUARDED_AVAILABILITY = YES_AGGRESSIVE;
				CLANG_WARN_UNREACHABLE_CODE = YES;
				CLANG_WARN__DUPLICATE_METHOD_MATCH = YES;
				COPY_PHASE_STRIP = NO;
				DEBUG_INFORMATION_FORMAT = dwarf;
				ENABLE_STRICT_OBJC_MSGSEND = YES;
				ENABLE_TESTABILITY = YES;
				GCC_C_LANGUAGE_STANDARD = gnu11;
				GCC_DYNAMIC_NO_PIC = NO;
				GCC_NO_COMMON_BLOCKS = YES;
				GCC_OPTIMIZATION_LEVEL = 0;
				GCC_PREPROCESSOR_DEFINITIONS = (
					"DEBUG=1",
					"$(inherited)",
				);
				GCC_WARN_64_TO_32_BIT_CONVERSION = YES;
				GCC_WARN_ABOUT_RETURN_TYPE = YES_ERROR;
				GCC_WARN_UNDECLARED_SELECTOR = YES;
				GCC_WARN_UNINITIALIZED_AUTOS = YES_AGGRESSIVE;
				GCC_WARN_UNUSED_FUNCTION = YES;
				GCC_WARN_UNUSED_VARIABLE = YES;
				IPHONEOS_DEPLOYMENT_TARGET = 13.1;
				MTL_ENABLE_DEBUG_INFO = INCLUDE_SOURCE;
				MTL_FAST_MATH = YES;
				ONLY_ACTIVE_ARCH = YES;
				SDKROOT = iphoneos;
				SWIFT_ACTIVE_COMPILATION_CONDITIONS = DEBUG;
				SWIFT_OPTIMIZATION_LEVEL = "-Onone";
			};
			name = Debug;
		};
		0A8FFCA8255ED91900873F7F /* Release */ = {
			isa = XCBuildConfiguration;
			buildSettings = {
				ALWAYS_SEARCH_USER_PATHS = NO;
				CLANG_ANALYZER_NONNULL = YES;
				CLANG_ANALYZER_NUMBER_OBJECT_CONVERSION = YES_AGGRESSIVE;
				CLANG_CXX_LANGUAGE_STANDARD = "gnu++14";
				CLANG_CXX_LIBRARY = "libc++";
				CLANG_ENABLE_MODULES = YES;
				CLANG_ENABLE_OBJC_ARC = YES;
				CLANG_ENABLE_OBJC_WEAK = YES;
				CLANG_WARN_BLOCK_CAPTURE_AUTORELEASING = YES;
				CLANG_WARN_BOOL_CONVERSION = YES;
				CLANG_WARN_COMMA = YES;
				CLANG_WARN_CONSTANT_CONVERSION = YES;
				CLANG_WARN_DEPRECATED_OBJC_IMPLEMENTATIONS = YES;
				CLANG_WARN_DIRECT_OBJC_ISA_USAGE = YES_ERROR;
				CLANG_WARN_DOCUMENTATION_COMMENTS = YES;
				CLANG_WARN_EMPTY_BODY = YES;
				CLANG_WARN_ENUM_CONVERSION = YES;
				CLANG_WARN_INFINITE_RECURSION = YES;
				CLANG_WARN_INT_CONVERSION = YES;
				CLANG_WARN_NON_LITERAL_NULL_CONVERSION = YES;
				CLANG_WARN_OBJC_IMPLICIT_RETAIN_SELF = YES;
				CLANG_WARN_OBJC_LITERAL_CONVERSION = YES;
				CLANG_WARN_OBJC_ROOT_CLASS = YES_ERROR;
				CLANG_WARN_RANGE_LOOP_ANALYSIS = YES;
				CLANG_WARN_STRICT_PROTOTYPES = YES;
				CLANG_WARN_SUSPICIOUS_MOVE = YES;
				CLANG_WARN_UNGUARDED_AVAILABILITY = YES_AGGRESSIVE;
				CLANG_WARN_UNREACHABLE_CODE = YES;
				CLANG_WARN__DUPLICATE_METHOD_MATCH = YES;
				COPY_PHASE_STRIP = NO;
				DEBUG_INFORMATION_FORMAT = "dwarf-with-dsym";
				ENABLE_NS_ASSERTIONS = NO;
				ENABLE_STRICT_OBJC_MSGSEND = YES;
				GCC_C_LANGUAGE_STANDARD = gnu11;
				GCC_NO_COMMON_BLOCKS = YES;
				GCC_WARN_64_TO_32_BIT_CONVERSION = YES;
				GCC_WARN_ABOUT_RETURN_TYPE = YES_ERROR;
				GCC_WARN_UNDECLARED_SELECTOR = YES;
				GCC_WARN_UNINITIALIZED_AUTOS = YES_AGGRESSIVE;
				GCC_WARN_UNUSED_FUNCTION = YES;
				GCC_WARN_UNUSED_VARIABLE = YES;
				IPHONEOS_DEPLOYMENT_TARGET = 13.1;
				MTL_ENABLE_DEBUG_INFO = NO;
				MTL_FAST_MATH = YES;
				SDKROOT = iphoneos;
				SWIFT_COMPILATION_MODE = wholemodule;
				SWIFT_OPTIMIZATION_LEVEL = "-O";
				VALIDATE_PRODUCT = YES;
			};
			name = Release;
		};
		0A8FFCAA255ED91900873F7F /* Debug */ = {
			isa = XCBuildConfiguration;
			baseConfigurationReference = DF9693E52CD3AA9FE5BB101C /* Pods-GithubSwift.debug.xcconfig */;
			buildSettings = {
				ASSETCATALOG_COMPILER_APPICON_NAME = AppIcon;
				CODE_SIGN_STYLE = Automatic;
				DEVELOPMENT_TEAM = 64P7QK2DWH;
				INFOPLIST_FILE = GithubSwift/Info.plist;
				LD_RUNPATH_SEARCH_PATHS = (
					"$(inherited)",
					"@executable_path/Frameworks",
				);
				PRODUCT_BUNDLE_IDENTIFIER = com.jcleilton.GithubSwift;
				PRODUCT_NAME = "$(TARGET_NAME)";
				SWIFT_VERSION = 5.0;
				TARGETED_DEVICE_FAMILY = 1;
				VERSIONING_SYSTEM = "apple-generic";
			};
			name = Debug;
		};
		0A8FFCAB255ED91900873F7F /* Release */ = {
			isa = XCBuildConfiguration;
			baseConfigurationReference = A1D8839E7610170F1B7B4E7F /* Pods-GithubSwift.release.xcconfig */;
			buildSettings = {
				ASSETCATALOG_COMPILER_APPICON_NAME = AppIcon;
				CODE_SIGN_STYLE = Automatic;
				DEVELOPMENT_TEAM = 64P7QK2DWH;
				INFOPLIST_FILE = GithubSwift/Info.plist;
				LD_RUNPATH_SEARCH_PATHS = (
					"$(inherited)",
					"@executable_path/Frameworks",
				);
				PRODUCT_BUNDLE_IDENTIFIER = com.jcleilton.GithubSwift;
				PRODUCT_NAME = "$(TARGET_NAME)";
				SWIFT_VERSION = 5.0;
				TARGETED_DEVICE_FAMILY = 1;
				VERSIONING_SYSTEM = "apple-generic";
			};
			name = Release;
		};
		0A8FFCAD255ED91900873F7F /* Debug */ = {
			isa = XCBuildConfiguration;
			baseConfigurationReference = 71FAD7D7B80AFD04550C2B9E /* Pods-GithubSwiftTests.debug.xcconfig */;
			buildSettings = {
				ALWAYS_EMBED_SWIFT_STANDARD_LIBRARIES = YES;
				BUNDLE_LOADER = "$(TEST_HOST)";
				CODE_SIGN_STYLE = Automatic;
				DEVELOPMENT_TEAM = 64P7QK2DWH;
				INFOPLIST_FILE = GithubSwiftTests/Info.plist;
				IPHONEOS_DEPLOYMENT_TARGET = 13.1;
				LD_RUNPATH_SEARCH_PATHS = (
					"$(inherited)",
					"@executable_path/Frameworks",
					"@loader_path/Frameworks",
				);
				PRODUCT_BUNDLE_IDENTIFIER = com.jcleilton.GithubSwiftTests;
				PRODUCT_NAME = "$(TARGET_NAME)";
				SWIFT_VERSION = 5.0;
				TARGETED_DEVICE_FAMILY = "1,2";
				TEST_HOST = "$(BUILT_PRODUCTS_DIR)/GithubSwift.app/GithubSwift";
			};
			name = Debug;
		};
		0A8FFCAE255ED91900873F7F /* Release */ = {
			isa = XCBuildConfiguration;
			baseConfigurationReference = 6A6D5B193789070C60EE3A56 /* Pods-GithubSwiftTests.release.xcconfig */;
			buildSettings = {
				ALWAYS_EMBED_SWIFT_STANDARD_LIBRARIES = YES;
				BUNDLE_LOADER = "$(TEST_HOST)";
				CODE_SIGN_STYLE = Automatic;
				DEVELOPMENT_TEAM = 64P7QK2DWH;
				INFOPLIST_FILE = GithubSwiftTests/Info.plist;
				IPHONEOS_DEPLOYMENT_TARGET = 13.1;
				LD_RUNPATH_SEARCH_PATHS = (
					"$(inherited)",
					"@executable_path/Frameworks",
					"@loader_path/Frameworks",
				);
				PRODUCT_BUNDLE_IDENTIFIER = com.jcleilton.GithubSwiftTests;
				PRODUCT_NAME = "$(TARGET_NAME)";
				SWIFT_VERSION = 5.0;
				TARGETED_DEVICE_FAMILY = "1,2";
				TEST_HOST = "$(BUILT_PRODUCTS_DIR)/GithubSwift.app/GithubSwift";
			};
			name = Release;
		};
		0A8FFCB0255ED91900873F7F /* Debug */ = {
			isa = XCBuildConfiguration;
			baseConfigurationReference = 1380D1C671F3DF49145D8FBA /* Pods-GithubSwift-GithubSwiftUITests.debug.xcconfig */;
			buildSettings = {
				ALWAYS_EMBED_SWIFT_STANDARD_LIBRARIES = YES;
				CODE_SIGN_STYLE = Automatic;
				DEVELOPMENT_TEAM = 64P7QK2DWH;
				INFOPLIST_FILE = GithubSwiftUITests/Info.plist;
				LD_RUNPATH_SEARCH_PATHS = (
					"$(inherited)",
					"@executable_path/Frameworks",
					"@loader_path/Frameworks",
				);
				PRODUCT_BUNDLE_IDENTIFIER = com.jcleilton.GithubSwiftUITests;
				PRODUCT_NAME = "$(TARGET_NAME)";
				SWIFT_VERSION = 5.0;
				TARGETED_DEVICE_FAMILY = "1,2";
				TEST_TARGET_NAME = GithubSwift;
			};
			name = Debug;
		};
		0A8FFCB1255ED91900873F7F /* Release */ = {
			isa = XCBuildConfiguration;
			baseConfigurationReference = 7CE6EF90A366CE9CBBB9524D /* Pods-GithubSwift-GithubSwiftUITests.release.xcconfig */;
			buildSettings = {
				ALWAYS_EMBED_SWIFT_STANDARD_LIBRARIES = YES;
				CODE_SIGN_STYLE = Automatic;
				DEVELOPMENT_TEAM = 64P7QK2DWH;
				INFOPLIST_FILE = GithubSwiftUITests/Info.plist;
				LD_RUNPATH_SEARCH_PATHS = (
					"$(inherited)",
					"@executable_path/Frameworks",
					"@loader_path/Frameworks",
				);
				PRODUCT_BUNDLE_IDENTIFIER = com.jcleilton.GithubSwiftUITests;
				PRODUCT_NAME = "$(TARGET_NAME)";
				SWIFT_VERSION = 5.0;
				TARGETED_DEVICE_FAMILY = "1,2";
				TEST_TARGET_NAME = GithubSwift;
			};
			name = Release;
		};
		0A97112A256067B100515689 /* Debug */ = {
			isa = XCBuildConfiguration;
			baseConfigurationReference = B122508E1BD6CB5C33F77105 /* Pods-GithubSwiftSnapshotTests.debug.xcconfig */;
			buildSettings = {
				BUNDLE_LOADER = "$(TEST_HOST)";
				CLANG_WARN_QUOTED_INCLUDE_IN_FRAMEWORK_HEADER = YES;
				CODE_SIGN_STYLE = Automatic;
				DEVELOPMENT_TEAM = 64P7QK2DWH;
				INFOPLIST_FILE = GithubSwiftSnapshotTests/Info.plist;
				IPHONEOS_DEPLOYMENT_TARGET = 14.1;
				LD_RUNPATH_SEARCH_PATHS = (
					"$(inherited)",
					"@executable_path/Frameworks",
					"@loader_path/Frameworks",
				);
				PRODUCT_BUNDLE_IDENTIFIER = com.jcleilton.GithubSwiftSnapshotTests;
				PRODUCT_NAME = "$(TARGET_NAME)";
				SWIFT_VERSION = 5.0;
				TARGETED_DEVICE_FAMILY = "1,2";
				TEST_HOST = "$(BUILT_PRODUCTS_DIR)/GithubSwift.app/GithubSwift";
			};
			name = Debug;
		};
		0A97112B256067B100515689 /* Release */ = {
			isa = XCBuildConfiguration;
			baseConfigurationReference = 365ACA19C05CB5F04A245D7B /* Pods-GithubSwiftSnapshotTests.release.xcconfig */;
			buildSettings = {
				BUNDLE_LOADER = "$(TEST_HOST)";
				CLANG_WARN_QUOTED_INCLUDE_IN_FRAMEWORK_HEADER = YES;
				CODE_SIGN_STYLE = Automatic;
				DEVELOPMENT_TEAM = 64P7QK2DWH;
				INFOPLIST_FILE = GithubSwiftSnapshotTests/Info.plist;
				IPHONEOS_DEPLOYMENT_TARGET = 14.1;
				LD_RUNPATH_SEARCH_PATHS = (
					"$(inherited)",
					"@executable_path/Frameworks",
					"@loader_path/Frameworks",
				);
				PRODUCT_BUNDLE_IDENTIFIER = com.jcleilton.GithubSwiftSnapshotTests;
				PRODUCT_NAME = "$(TARGET_NAME)";
				SWIFT_VERSION = 5.0;
				TARGETED_DEVICE_FAMILY = "1,2";
				TEST_HOST = "$(BUILT_PRODUCTS_DIR)/GithubSwift.app/GithubSwift";
			};
			name = Release;
		};
/* End XCBuildConfiguration section */

/* Begin XCConfigurationList section */
		0A8FFC7A255ED91300873F7F /* Build configuration list for PBXProject "GithubSwift" */ = {
			isa = XCConfigurationList;
			buildConfigurations = (
				0A8FFCA7255ED91900873F7F /* Debug */,
				0A8FFCA8255ED91900873F7F /* Release */,
			);
			defaultConfigurationIsVisible = 0;
			defaultConfigurationName = Release;
		};
		0A8FFCA9255ED91900873F7F /* Build configuration list for PBXNativeTarget "GithubSwift" */ = {
			isa = XCConfigurationList;
			buildConfigurations = (
				0A8FFCAA255ED91900873F7F /* Debug */,
				0A8FFCAB255ED91900873F7F /* Release */,
			);
			defaultConfigurationIsVisible = 0;
			defaultConfigurationName = Release;
		};
		0A8FFCAC255ED91900873F7F /* Build configuration list for PBXNativeTarget "GithubSwiftTests" */ = {
			isa = XCConfigurationList;
			buildConfigurations = (
				0A8FFCAD255ED91900873F7F /* Debug */,
				0A8FFCAE255ED91900873F7F /* Release */,
			);
			defaultConfigurationIsVisible = 0;
			defaultConfigurationName = Release;
		};
		0A8FFCAF255ED91900873F7F /* Build configuration list for PBXNativeTarget "GithubSwiftUITests" */ = {
			isa = XCConfigurationList;
			buildConfigurations = (
				0A8FFCB0255ED91900873F7F /* Debug */,
				0A8FFCB1255ED91900873F7F /* Release */,
			);
			defaultConfigurationIsVisible = 0;
			defaultConfigurationName = Release;
		};
		0A97112C256067B100515689 /* Build configuration list for PBXNativeTarget "GithubSwiftSnapshotTests" */ = {
			isa = XCConfigurationList;
			buildConfigurations = (
				0A97112A256067B100515689 /* Debug */,
				0A97112B256067B100515689 /* Release */,
			);
			defaultConfigurationIsVisible = 0;
			defaultConfigurationName = Release;
		};
/* End XCConfigurationList section */
	};
	rootObject = 0A8FFC77255ED91300873F7F /* Project object */;
}
